// !$*UTF8*$!
{
	archiveVersion = 1;
	classes = {
	};
	objectVersion = 46;
	objects = {

/* Begin PBXBuildFile section */
		D40308461F0FCBDE00BF1BD5 /* TinponOld.swift in Sources */ = {isa = PBXBuildFile; fileRef = D40308451F0FCBDE00BF1BD5 /* TinponOld.swift */; };
		D40D974F1F3C752D00B246D0 /* Color.swift in Sources */ = {isa = PBXBuildFile; fileRef = D40D974E1F3C752D00B246D0 /* Color.swift */; };
		D40EA7101F2A315700A44735 /* SignUp.storyboard in Resources */ = {isa = PBXBuildFile; fileRef = D40EA70F1F2A315700A44735 /* SignUp.storyboard */; };
		D40EA7151F2A40CB00A44735 /* proxima-nova-soft-bold.ttf in Resources */ = {isa = PBXBuildFile; fileRef = D40EA7131F2A40CA00A44735 /* proxima-nova-soft-bold.ttf */; };
		D40EA7161F2A40CB00A44735 /* proxima-nova-soft-regular.ttf in Resources */ = {isa = PBXBuildFile; fileRef = D40EA7141F2A40CB00A44735 /* proxima-nova-soft-regular.ttf */; };
		D40EA7181F2A461300A44735 /* IQKeyboardManagerSwift.framework in Frameworks */ = {isa = PBXBuildFile; fileRef = D40EA7171F2A461300A44735 /* IQKeyboardManagerSwift.framework */; };
		D40EA7191F2A461300A44735 /* IQKeyboardManagerSwift.framework in Embed Frameworks */ = {isa = PBXBuildFile; fileRef = D40EA7171F2A461300A44735 /* IQKeyboardManagerSwift.framework */; settings = {ATTRIBUTES = (CodeSignOnCopy, RemoveHeadersOnCopy, ); }; };
		D410C5C61F2375CC008D6C92 /* AWSAPIGateway.framework in Frameworks */ = {isa = PBXBuildFile; fileRef = D410C5C51F2375CC008D6C92 /* AWSAPIGateway.framework */; };
		D410C5C71F2375CC008D6C92 /* AWSAPIGateway.framework in Embed Frameworks */ = {isa = PBXBuildFile; fileRef = D410C5C51F2375CC008D6C92 /* AWSAPIGateway.framework */; settings = {ATTRIBUTES = (CodeSignOnCopy, RemoveHeadersOnCopy, ); }; };
		D410C5D51F238242008D6C92 /* AWSCore.framework in Frameworks */ = {isa = PBXBuildFile; fileRef = D410C5D41F238242008D6C92 /* AWSCore.framework */; };
		D410C5D61F238242008D6C92 /* AWSCore.framework in Embed Frameworks */ = {isa = PBXBuildFile; fileRef = D410C5D41F238242008D6C92 /* AWSCore.framework */; settings = {ATTRIBUTES = (CodeSignOnCopy, RemoveHeadersOnCopy, ); }; };
		D410C5D81F23828A008D6C92 /* AWSCognitoIdentityProvider.framework in Frameworks */ = {isa = PBXBuildFile; fileRef = D410C5D71F23828A008D6C92 /* AWSCognitoIdentityProvider.framework */; };
		D410C5D91F23828A008D6C92 /* AWSCognitoIdentityProvider.framework in Embed Frameworks */ = {isa = PBXBuildFile; fileRef = D410C5D71F23828A008D6C92 /* AWSCognitoIdentityProvider.framework */; settings = {ATTRIBUTES = (CodeSignOnCopy, RemoveHeadersOnCopy, ); }; };
		D410C5E41F23A14D008D6C92 /* AWSConfiguration.swift in Sources */ = {isa = PBXBuildFile; fileRef = D410C5E21F23A14D008D6C92 /* AWSConfiguration.swift */; };
		D410C5EF1F24D7E0008D6C92 /* User.swift in Sources */ = {isa = PBXBuildFile; fileRef = D410C5EE1F24D7E0008D6C92 /* User.swift */; };
		D410C5F21F24E443008D6C92 /* UsersAPI.swift in Sources */ = {isa = PBXBuildFile; fileRef = D410C5F11F24E443008D6C92 /* UsersAPI.swift */; };
		D417F0911F1F81E700D803E0 /* LoadingAnimationProtocol.swift in Sources */ = {isa = PBXBuildFile; fileRef = D417F0901F1F81E700D803E0 /* LoadingAnimationProtocol.swift */; };
		D41A5D5B1F39916F00D1191C /* UserPoolEmailViewController.swift in Sources */ = {isa = PBXBuildFile; fileRef = D41A5D5A1F39916F00D1191C /* UserPoolEmailViewController.swift */; };
		D41A5D5E1F39959D00D1191C /* UserPoolPasswordViewController.swift in Sources */ = {isa = PBXBuildFile; fileRef = D41A5D5D1F39959D00D1191C /* UserPoolPasswordViewController.swift */; };
		D41A5D601F3995D400D1191C /* UserPoolEmailConfirmationViewController.swift in Sources */ = {isa = PBXBuildFile; fileRef = D41A5D5F1F3995D400D1191C /* UserPoolEmailConfirmationViewController.swift */; };
		D41EB2681F333CF2003842E4 /* AWSAPI_9HLT8N48WD_Empty.m in Sources */ = {isa = PBXBuildFile; fileRef = D41EB2611F333CF2003842E4 /* AWSAPI_9HLT8N48WD_Empty.m */; };
		D41EB2691F333CF2003842E4 /* AWSAPI_9HLT8N48WD_RequestSchema.m in Sources */ = {isa = PBXBuildFile; fileRef = D41EB2631F333CF2003842E4 /* AWSAPI_9HLT8N48WD_RequestSchema.m */; };
		D41EB26A1F333CF2003842E4 /* AWSAPI_9HLT8N48WD_ResponseSchema.m in Sources */ = {isa = PBXBuildFile; fileRef = D41EB2651F333CF2003842E4 /* AWSAPI_9HLT8N48WD_ResponseSchema.m */; };
		D41EB26B1F333CF2003842E4 /* AWSAPI_9HLT8N48WD_WeGoLocoClient.m in Sources */ = {isa = PBXBuildFile; fileRef = D41EB2671F333CF2003842E4 /* AWSAPI_9HLT8N48WD_WeGoLocoClient.m */; };
		D41EB26E1F338758003842E4 /* PasswordViewController.swift in Sources */ = {isa = PBXBuildFile; fileRef = D41EB26D1F338758003842E4 /* PasswordViewController.swift */; };
		D41EB2701F3395A0003842E4 /* EmailConfirmationViewController.swift in Sources */ = {isa = PBXBuildFile; fileRef = D41EB26F1F3395A0003842E4 /* EmailConfirmationViewController.swift */; };
		D423ABA81F3B079300A6FE2A /* ProductVariationCell.xib in Resources */ = {isa = PBXBuildFile; fileRef = D423ABA71F3B079300A6FE2A /* ProductVariationCell.xib */; };
		D423ABAA1F3B111200A6FE2A /* ProductVariationCell.swift in Sources */ = {isa = PBXBuildFile; fileRef = D423ABA91F3B111200A6FE2A /* ProductVariationCell.swift */; };
		D42DC6BB1F1BF9800087EB4F /* Whisper.framework in Frameworks */ = {isa = PBXBuildFile; fileRef = D42DC6B91F1BF8D40087EB4F /* Whisper.framework */; };
		D42DC6BC1F1BF9800087EB4F /* Whisper.framework in Embed Frameworks */ = {isa = PBXBuildFile; fileRef = D42DC6B91F1BF8D40087EB4F /* Whisper.framework */; settings = {ATTRIBUTES = (CodeSignOnCopy, RemoveHeadersOnCopy, ); }; };
		D4306C811F0E6BEC0073A11E /* Stores.swift in Sources */ = {isa = PBXBuildFile; fileRef = D4306C801F0E6BEC0073A11E /* Stores.swift */; };
		D4306C831F0E73780073A11E /* AWSHelper.swift in Sources */ = {isa = PBXBuildFile; fileRef = D4306C821F0E73780073A11E /* AWSHelper.swift */; };
		D430CC8B1F2B2AF200174E5C /* EmailViewController.swift in Sources */ = {isa = PBXBuildFile; fileRef = D430CC8A1F2B2AF200174E5C /* EmailViewController.swift */; };
		D430CC8D1F2B2B1A00174E5C /* BirthdateViewController.swift in Sources */ = {isa = PBXBuildFile; fileRef = D430CC8C1F2B2B1A00174E5C /* BirthdateViewController.swift */; };
		D430CC911F2B2E0300174E5C /* SignUpViewController.swift in Sources */ = {isa = PBXBuildFile; fileRef = D430CC901F2B2E0300174E5C /* SignUpViewController.swift */; };
		D430CC931F2B2FA100174E5C /* SignInNavigationController.swift in Sources */ = {isa = PBXBuildFile; fileRef = D430CC921F2B2FA100174E5C /* SignInNavigationController.swift */; };
		D43777981F262CDB0023448F /* APIGatewayProtocol.swift in Sources */ = {isa = PBXBuildFile; fileRef = D43777971F262CDB0023448F /* APIGatewayProtocol.swift */; };
		D443C0F61EEC699D00FD148F /* SwiperViewController.swift in Sources */ = {isa = PBXBuildFile; fileRef = D443C0F51EEC699D00FD148F /* SwiperViewController.swift */; };
		D443C0F81EEC6CA300FD148F /* BackgroundKolodaAnimator.swift in Sources */ = {isa = PBXBuildFile; fileRef = D443C0F71EEC6CA300FD148F /* BackgroundKolodaAnimator.swift */; };
		D443C0FA1EEC728100FD148F /* AddProductViewController.swift in Sources */ = {isa = PBXBuildFile; fileRef = D443C0F91EEC728100FD148F /* AddProductViewController.swift */; };
		D4512B481F18E448009B109C /* ManagerTableViewController.swift in Sources */ = {isa = PBXBuildFile; fileRef = D4512B471F18E448009B109C /* ManagerTableViewController.swift */; };
		D4512B4A1F1930BE009B109C /* ManagerTableViewCell.swift in Sources */ = {isa = PBXBuildFile; fileRef = D4512B491F1930BE009B109C /* ManagerTableViewCell.swift */; };
		D452206A1F2C924C00D01C43 /* Validator.framework in Frameworks */ = {isa = PBXBuildFile; fileRef = D45220691F2C924C00D01C43 /* Validator.framework */; };
		D452206B1F2C924C00D01C43 /* Validator.framework in Embed Frameworks */ = {isa = PBXBuildFile; fileRef = D45220691F2C924C00D01C43 /* Validator.framework */; settings = {ATTRIBUTES = (CodeSignOnCopy, RemoveHeadersOnCopy, ); }; };
		D452206F1F2CC85A00D01C43 /* GenderViewController.swift in Sources */ = {isa = PBXBuildFile; fileRef = D452206E1F2CC85A00D01C43 /* GenderViewController.swift */; };
		D45220731F2CD96200D01C43 /* CategoriesTableViewController.swift in Sources */ = {isa = PBXBuildFile; fileRef = D45220721F2CD96200D01C43 /* CategoriesTableViewController.swift */; };
		D47D705E1F36F8C5003E0708 /* PromiseKit.framework in Frameworks */ = {isa = PBXBuildFile; fileRef = D47D705D1F36F8C5003E0708 /* PromiseKit.framework */; };
		D47D705F1F36F8C5003E0708 /* PromiseKit.framework in Embed Frameworks */ = {isa = PBXBuildFile; fileRef = D47D705D1F36F8C5003E0708 /* PromiseKit.framework */; settings = {ATTRIBUTES = (CodeSignOnCopy, RemoveHeadersOnCopy, ); }; };
		D47D70611F37045B003E0708 /* APIError.swift in Sources */ = {isa = PBXBuildFile; fileRef = D47D70601F37045B003E0708 /* APIError.swift */; };
		D47F96E81EED8D0000B9FCE3 /* Eureka.framework in Frameworks */ = {isa = PBXBuildFile; fileRef = D47F96E71EED8CFF00B9FCE3 /* Eureka.framework */; };
		D47F96E91EED8D0000B9FCE3 /* Eureka.framework in Embed Frameworks */ = {isa = PBXBuildFile; fileRef = D47F96E71EED8CFF00B9FCE3 /* Eureka.framework */; settings = {ATTRIBUTES = (CodeSignOnCopy, RemoveHeadersOnCopy, ); }; };
		D47F96F01EED938400B9FCE3 /* ImageRow.framework in Frameworks */ = {isa = PBXBuildFile; fileRef = D47F96EF1EED938400B9FCE3 /* ImageRow.framework */; };
		D47F96F11EED938400B9FCE3 /* ImageRow.framework in Embed Frameworks */ = {isa = PBXBuildFile; fileRef = D47F96EF1EED938400B9FCE3 /* ImageRow.framework */; settings = {ATTRIBUTES = (CodeSignOnCopy, RemoveHeadersOnCopy, ); }; };
		D480D0541EEBEEF300B4193A /* pop.framework in Frameworks */ = {isa = PBXBuildFile; fileRef = D480D0531EEBEEF300B4193A /* pop.framework */; };
		D480D0551EEBEEF300B4193A /* pop.framework in Embed Frameworks */ = {isa = PBXBuildFile; fileRef = D480D0531EEBEEF300B4193A /* pop.framework */; settings = {ATTRIBUTES = (CodeSignOnCopy, RemoveHeadersOnCopy, ); }; };
		D480D0581EEBEF7200B4193A /* Koloda.framework in Frameworks */ = {isa = PBXBuildFile; fileRef = D480D0561EEBEF3500B4193A /* Koloda.framework */; };
		D480D0591EEBEF7200B4193A /* Koloda.framework in Embed Frameworks */ = {isa = PBXBuildFile; fileRef = D480D0561EEBEF3500B4193A /* Koloda.framework */; settings = {ATTRIBUTES = (CodeSignOnCopy, RemoveHeadersOnCopy, ); }; };
		D4A69BA01F3B13A900037002 /* ProductVariationRow.swift in Sources */ = {isa = PBXBuildFile; fileRef = D4A69B9F1F3B13A900037002 /* ProductVariationRow.swift */; };
		D4AAB5A71F305A0900050E02 /* TinponsAPI.swift in Sources */ = {isa = PBXBuildFile; fileRef = D4AAB5A61F305A0900050E02 /* TinponsAPI.swift */; };
		D4B7D1FE1F28C442008F3AE1 /* RemachineScript.ttf in Resources */ = {isa = PBXBuildFile; fileRef = D4B7D1FD1F28C442008F3AE1 /* RemachineScript.ttf */; };
		D4B7D2001F28C71A008F3AE1 /* MainTabBarController.swift in Sources */ = {isa = PBXBuildFile; fileRef = D4B7D1FF1F28C71A008F3AE1 /* MainTabBarController.swift */; };
		D4B95B961F1E84180078289F /* Extensions.swift in Sources */ = {isa = PBXBuildFile; fileRef = D4B95B951F1E84180078289F /* Extensions.swift */; };
		D4D2712A1F12ACD2003A7287 /* TinponsModel.xcdatamodeld in Sources */ = {isa = PBXBuildFile; fileRef = D4D271281F12ACD2003A7287 /* TinponsModel.xcdatamodeld */; };
		D4DA42471F0E13CD00A1C69E /* SwiftIconFont.framework in Frameworks */ = {isa = PBXBuildFile; fileRef = D4DA42451F0E123100A1C69E /* SwiftIconFont.framework */; };
		D4DA42481F0E13CD00A1C69E /* SwiftIconFont.framework in Embed Frameworks */ = {isa = PBXBuildFile; fileRef = D4DA42451F0E123100A1C69E /* SwiftIconFont.framework */; settings = {ATTRIBUTES = (CodeSignOnCopy, RemoveHeadersOnCopy, ); }; };
		D4DA424B1F0E2C4200A1C69E /* MapKit.framework in Frameworks */ = {isa = PBXBuildFile; fileRef = D4DA424A1F0E2C4200A1C69E /* MapKit.framework */; };
		D4DA424D1F0E2CFB00A1C69E /* CustomCells.swift in Sources */ = {isa = PBXBuildFile; fileRef = D4DA424C1F0E2CFB00A1C69E /* CustomCells.swift */; };
		D4DAE9721F1C9B20000C447E /* FavouriteCollectionViewCell.swift in Sources */ = {isa = PBXBuildFile; fileRef = D4DAE9711F1C9B20000C447E /* FavouriteCollectionViewCell.swift */; };
		D4DAE9741F1C9B4A000C447E /* FavouriteCollectionViewController.swift in Sources */ = {isa = PBXBuildFile; fileRef = D4DAE9731F1C9B4A000C447E /* FavouriteCollectionViewController.swift */; };
		D4DC434E1F1E3A2000BC1283 /* UserWrapper.swift in Sources */ = {isa = PBXBuildFile; fileRef = D4DC434D1F1E3A2000BC1283 /* UserWrapper.swift */; };
		D4DC43501F1E448200BC1283 /* TinponWrapper.swift in Sources */ = {isa = PBXBuildFile; fileRef = D4DC434F1F1E448200BC1283 /* TinponWrapper.swift */; };
		D4E258211EEC1A6400B2B986 /* CustomOverlayView.swift in Sources */ = {isa = PBXBuildFile; fileRef = D4E2581F1EEC1A6400B2B986 /* CustomOverlayView.swift */; };
		D4E258221EEC1A6400B2B986 /* CustomOverlayView.xib in Resources */ = {isa = PBXBuildFile; fileRef = D4E258201EEC1A6400B2B986 /* CustomOverlayView.xib */; };
		D4E258241EEC625400B2B986 /* CustomKolodaView.swift in Sources */ = {isa = PBXBuildFile; fileRef = D4E258231EEC625400B2B986 /* CustomKolodaView.swift */; };
		D4EEF65A1F2F9F8700297A5E /* Tinpon.swift in Sources */ = {isa = PBXBuildFile; fileRef = D4EEF6591F2F9F8700297A5E /* Tinpon.swift */; };
		D4FA2EC91F0CD0C100B287FB /* DynamoDBSwipedTinpon.swift in Sources */ = {isa = PBXBuildFile; fileRef = D4FA2EC81F0CD0C100B287FB /* DynamoDBSwipedTinpon.swift */; };
		D4FA2ECC1F0CE85B00B287FB /* ProfileViewController.swift in Sources */ = {isa = PBXBuildFile; fileRef = D4FA2ECB1F0CE85B00B287FB /* ProfileViewController.swift */; };
		D4FA2ED21F0D10FD00B287FB /* DynamoDBUser.swift in Sources */ = {isa = PBXBuildFile; fileRef = D4FA2ED11F0D10FD00B287FB /* DynamoDBUser.swift */; };
		D4FC90E31F163328002A6F9E /* SwipedTinpon.swift in Sources */ = {isa = PBXBuildFile; fileRef = D4FC90E21F163328002A6F9E /* SwipedTinpon.swift */; };
		D4FC90E51F1669F8002A6F9E /* SwipedTinponsCore.swift in Sources */ = {isa = PBXBuildFile; fileRef = D4FC90E41F1669F8002A6F9E /* SwipedTinponsCore.swift */; };
		E7A30F040024501400000000 /* AWSDynamoDB.framework in Embed Frameworks */ = {isa = PBXBuildFile; fileRef = 1DD70E29BC3E8A3700000000 /* AWSDynamoDB.framework */; settings = {ATTRIBUTES = (CodeSignOnCopy, RemoveHeadersOnCopy, ); }; };
		E7A30F040024501400000001 /* AWSDynamoDB.framework in Frameworks */ = {isa = PBXBuildFile; fileRef = 1DD70E29BC3E8A3700000000 /* AWSDynamoDB.framework */; };
		E7A30F0400925D1700000000 /* AWSMobileClient.swift in Sources */ = {isa = PBXBuildFile; fileRef = 1DD70E2946C3AB3000000000 /* AWSMobileClient.swift */; };
		E7A30F04023CE26000000000 /* FacebookIdentityProfile.swift in Sources */ = {isa = PBXBuildFile; fileRef = 1DD70E29329951CD00000000 /* FacebookIdentityProfile.swift */; };
		E7A30F040879B56F00000000 /* AWSCognito.framework in Embed Frameworks */ = {isa = PBXBuildFile; fileRef = 1DD70E29412E6AC500000000 /* AWSCognito.framework */; settings = {ATTRIBUTES = (CodeSignOnCopy, RemoveHeadersOnCopy, ); }; };
		E7A30F040879B56F00000001 /* AWSCognito.framework in Frameworks */ = {isa = PBXBuildFile; fileRef = 1DD70E29412E6AC500000000 /* AWSCognito.framework */; };
		E7A30F040AAE5A4B00000000 /* AppDelegate.swift in Sources */ = {isa = PBXBuildFile; fileRef = 1DD70E29E394D56000000000 /* AppDelegate.swift */; };
		E7A30F040E0E6CF100000000 /* UIKit.framework in Frameworks */ = {isa = PBXBuildFile; fileRef = 1DD70E297A4F404000000000 /* UIKit.framework */; };
		E7A30F041123764F00000000 /* libz.tbd in Frameworks */ = {isa = PBXBuildFile; fileRef = 1DD70E29EB7704B900000000 /* libz.tbd */; };
		E7A30F0418F7B7D900000000 /* FBSDKCoreKit.framework in Frameworks */ = {isa = PBXBuildFile; fileRef = 1DD70E29EB555D3E00000000 /* FBSDKCoreKit.framework */; };
		E7A30F04274F6B6700000000 /* AWSFacebookSignInResources.bundle in Resources */ = {isa = PBXBuildFile; fileRef = 1DD70E2925334DDE00000000 /* AWSFacebookSignInResources.bundle */; };
		E7A30F042B278B4700000000 /* UserPoolSignUpConfirmationViewController.swift in Sources */ = {isa = PBXBuildFile; fileRef = 1DD70E29F45CC74200000000 /* UserPoolSignUpConfirmationViewController.swift */; };
		E7A30F043DD4F57200000000 /* FormTableCell.swift in Sources */ = {isa = PBXBuildFile; fileRef = 1DD70E29AE6C88F800000000 /* FormTableCell.swift */; };
		E7A30F0441B6CF8A00000000 /* MediaPlayer.framework in Frameworks */ = {isa = PBXBuildFile; fileRef = 1DD70E29098E246A00000000 /* MediaPlayer.framework */; };
		E7A30F04490C0AB000000000 /* Images.xcassets in Resources */ = {isa = PBXBuildFile; fileRef = 1DD70E292554733E00000000 /* Images.xcassets */; };
		E7A30F044B6ABE3800000000 /* UserPoolSignUpViewController.swift in Sources */ = {isa = PBXBuildFile; fileRef = 1DD70E29F05B7FDC00000000 /* UserPoolSignUpViewController.swift */; };
		E7A30F044C3EA71500000000 /* libsqlite3.tbd in Frameworks */ = {isa = PBXBuildFile; fileRef = 1DD70E29313635AF00000000 /* libsqlite3.tbd */; };
		E7A30F045560C2B200000000 /* AWSMobileHubHelper.framework in Frameworks */ = {isa = PBXBuildFile; fileRef = 1DD70E29FF24C27A00000000 /* AWSMobileHubHelper.framework */; };
		E7A30F045CF37CF300000000 /* AVFoundation.framework in Frameworks */ = {isa = PBXBuildFile; fileRef = 1DD70E29964685F000000000 /* AVFoundation.framework */; };
		E7A30F045D6A367800000000 /* Security.framework in Frameworks */ = {isa = PBXBuildFile; fileRef = 1DD70E2925A0F34000000000 /* Security.framework */; };
		E7A30F0460A2A9A000000000 /* UserPoolsUIHelper.swift in Sources */ = {isa = PBXBuildFile; fileRef = 1DD70E294594B81400000000 /* UserPoolsUIHelper.swift */; };
		E7A30F046317E39C00000000 /* AWSS3.framework in Embed Frameworks */ = {isa = PBXBuildFile; fileRef = 1DD70E29F77E3E0700000000 /* AWSS3.framework */; settings = {ATTRIBUTES = (CodeSignOnCopy, RemoveHeadersOnCopy, ); }; };
		E7A30F046317E39C00000001 /* AWSS3.framework in Frameworks */ = {isa = PBXBuildFile; fileRef = 1DD70E29F77E3E0700000000 /* AWSS3.framework */; };
		E7A30F046362ECD700000000 /* FBSDKLoginKit.framework in Frameworks */ = {isa = PBXBuildFile; fileRef = 1DD70E292BFC031A00000000 /* FBSDKLoginKit.framework */; };
		E7A30F046FFFB5F100000000 /* Launch Screen.storyboard in Resources */ = {isa = PBXBuildFile; fileRef = 1DD70E29A8F4FCAE00000000 /* Launch Screen.storyboard */; };
		E7A30F04741B216700000000 /* AuthenticationProtocol.swift in Sources */ = {isa = PBXBuildFile; fileRef = 1DD70E2927114D4C00000000 /* AuthenticationProtocol.swift */; };
		E7A30F0479F95AEB00000000 /* SignIn.storyboard in Resources */ = {isa = PBXBuildFile; fileRef = 1DD70E29E9CCE5D700000000 /* SignIn.storyboard */; };
		E7A30F047BEED6DB00000000 /* SystemConfiguration.framework in Frameworks */ = {isa = PBXBuildFile; fileRef = 1DD70E29113800C600000000 /* SystemConfiguration.framework */; };
		E7A30F0489AA356400000000 /* UserPools.storyboard in Resources */ = {isa = PBXBuildFile; fileRef = 1DD70E290F8AE36000000000 /* UserPools.storyboard */; };
		E7A30F048D6E5D3400000000 /* CFNetwork.framework in Frameworks */ = {isa = PBXBuildFile; fileRef = 1DD70E2969DFF7BE00000000 /* CFNetwork.framework */; };
		E7A30F048DE0B1CD00000000 /* DynamoDBTinpon.swift in Sources */ = {isa = PBXBuildFile; fileRef = 1DD70E29C919AF3300000000 /* DynamoDBTinpon.swift */; };
		E7A30F048EEF138700000000 /* AWSCognitoUserPoolsSignIn.framework in Frameworks */ = {isa = PBXBuildFile; fileRef = 1DD70E2956CE98CA00000000 /* AWSCognitoUserPoolsSignIn.framework */; };
		E7A30F0493F7667400000000 /* UtilityFunctions.swift in Sources */ = {isa = PBXBuildFile; fileRef = 1DD70E29A0CFD2E900000000 /* UtilityFunctions.swift */; };
		E7A30F0497C0BECE00000000 /* FormTableDelegate.swift in Sources */ = {isa = PBXBuildFile; fileRef = 1DD70E29C88EACA200000000 /* FormTableDelegate.swift */; };
		E7A30F049A3B079A00000000 /* UserPoolNewPasswordViewController.swift in Sources */ = {isa = PBXBuildFile; fileRef = 1DD70E2982A5337600000000 /* UserPoolNewPasswordViewController.swift */; };
		E7A30F049A8F6DAE00000000 /* SignInViewController.swift in Sources */ = {isa = PBXBuildFile; fileRef = 1DD70E29F74071EF00000000 /* SignInViewController.swift */; };
		E7A30F04A0099EDA00000000 /* UserPoolForgotPasswordViewController.swift in Sources */ = {isa = PBXBuildFile; fileRef = 1DD70E29B09FED7000000000 /* UserPoolForgotPasswordViewController.swift */; };
		E7A30F04B8261BDC00000000 /* UserPoolsIdentityProfile.swift in Sources */ = {isa = PBXBuildFile; fileRef = 1DD70E291472F28E00000000 /* UserPoolsIdentityProfile.swift */; };
		E7A30F04C071CC9E00000000 /* UserPoolMFAViewController.swift in Sources */ = {isa = PBXBuildFile; fileRef = 1DD70E290654A9EC00000000 /* UserPoolMFAViewController.swift */; };
		E7A30F04C2DDB4B200000000 /* SignInViewControllerExtensions.swift in Sources */ = {isa = PBXBuildFile; fileRef = 1DD70E292F06ACDE00000000 /* SignInViewControllerExtensions.swift */; };
		E7A30F04C6AE9E9200000000 /* SafariServices.framework in Frameworks */ = {isa = PBXBuildFile; fileRef = 1DD70E292E74B0A400000000 /* SafariServices.framework */; };
		E7A30F04D8A4937D00000000 /* Foundation.framework in Frameworks */ = {isa = PBXBuildFile; fileRef = 1DD70E292FF4A7CA00000000 /* Foundation.framework */; };
		E7A30F04D987431800000000 /* Main.storyboard in Resources */ = {isa = PBXBuildFile; fileRef = 1DD70E29001F5DDA00000000 /* Main.storyboard */; };
		E7A30F04DDC5AA4700000000 /* AVKit.framework in Frameworks */ = {isa = PBXBuildFile; fileRef = 1DD70E29A937017200000000 /* AVKit.framework */; };
		E7A30F04F1E5184200000000 /* AWSFacebookSignIn.framework in Frameworks */ = {isa = PBXBuildFile; fileRef = 1DD70E2906D374E400000000 /* AWSFacebookSignIn.framework */; };
		E7A30F04FE04727700000000 /* TableInputCell.swift in Sources */ = {isa = PBXBuildFile; fileRef = 1DD70E29C459CAC000000000 /* TableInputCell.swift */; };
/* End PBXBuildFile section */

/* Begin PBXCopyFilesBuildPhase section */
		FAF5FAC90000000000000000 /* Embed Frameworks */ = {
			isa = PBXCopyFilesBuildPhase;
			buildActionMask = 2147483647;
			dstPath = "";
			dstSubfolderSpec = 10;
			files = (
				D47F96E91EED8D0000B9FCE3 /* Eureka.framework in Embed Frameworks */,
				D47F96F11EED938400B9FCE3 /* ImageRow.framework in Embed Frameworks */,
				D480D0591EEBEF7200B4193A /* Koloda.framework in Embed Frameworks */,
				E7A30F040024501400000000 /* AWSDynamoDB.framework in Embed Frameworks */,
				D410C5D61F238242008D6C92 /* AWSCore.framework in Embed Frameworks */,
				D452206B1F2C924C00D01C43 /* Validator.framework in Embed Frameworks */,
				D410C5C71F2375CC008D6C92 /* AWSAPIGateway.framework in Embed Frameworks */,
				E7A30F040879B56F00000000 /* AWSCognito.framework in Embed Frameworks */,
				D410C5D91F23828A008D6C92 /* AWSCognitoIdentityProvider.framework in Embed Frameworks */,
				D480D0551EEBEEF300B4193A /* pop.framework in Embed Frameworks */,
				D4DA42481F0E13CD00A1C69E /* SwiftIconFont.framework in Embed Frameworks */,
				D42DC6BC1F1BF9800087EB4F /* Whisper.framework in Embed Frameworks */,
				D47D705F1F36F8C5003E0708 /* PromiseKit.framework in Embed Frameworks */,
				E7A30F046317E39C00000000 /* AWSS3.framework in Embed Frameworks */,
				D40EA7191F2A461300A44735 /* IQKeyboardManagerSwift.framework in Embed Frameworks */,
			);
			name = "Embed Frameworks";
			runOnlyForDeploymentPostprocessing = 0;
		};
/* End PBXCopyFilesBuildPhase section */

/* Begin PBXFileReference section */
		1DD70E29001F5DDA00000000 /* Main.storyboard */ = {isa = PBXFileReference; lastKnownFileType = file.storyboard; name = Main.storyboard; path = Tinpons/App/Main.storyboard; sourceTree = SOURCE_ROOT; };
		1DD70E290654A9EC00000000 /* UserPoolMFAViewController.swift */ = {isa = PBXFileReference; lastKnownFileType = sourcecode.swift; name = UserPoolMFAViewController.swift; path = Tinpons/App/SignIn/UserPools/UserPoolMFAViewController.swift; sourceTree = SOURCE_ROOT; };
		1DD70E2906D374E400000000 /* AWSFacebookSignIn.framework */ = {isa = PBXFileReference; lastKnownFileType = wrapper.framework; name = AWSFacebookSignIn.framework; path = Tinpons/AmazonAws/AWSFacebookSignIn.framework; sourceTree = "<group>"; };
		1DD70E29098E246A00000000 /* MediaPlayer.framework */ = {isa = PBXFileReference; lastKnownFileType = wrapper.framework; name = MediaPlayer.framework; path = System/Library/Frameworks/MediaPlayer.framework; sourceTree = SDKROOT; };
		1DD70E290F8AE36000000000 /* UserPools.storyboard */ = {isa = PBXFileReference; lastKnownFileType = file.storyboard; name = UserPools.storyboard; path = Tinpons/App/SignIn/UserPools/UserPools.storyboard; sourceTree = SOURCE_ROOT; };
		1DD70E29113800C600000000 /* SystemConfiguration.framework */ = {isa = PBXFileReference; lastKnownFileType = wrapper.framework; name = SystemConfiguration.framework; path = System/Library/Frameworks/SystemConfiguration.framework; sourceTree = SDKROOT; };
		1DD70E291472F28E00000000 /* UserPoolsIdentityProfile.swift */ = {isa = PBXFileReference; lastKnownFileType = sourcecode.swift; name = UserPoolsIdentityProfile.swift; path = Tinpons/App/SignIn/UserPools/UserPoolsIdentityProfile.swift; sourceTree = SOURCE_ROOT; };
		1DD70E2925334DDE00000000 /* AWSFacebookSignInResources.bundle */ = {isa = PBXFileReference; lastKnownFileType = "wrapper.plug-in"; name = AWSFacebookSignInResources.bundle; path = Tinpons/AmazonAws/AWSFacebookSignInResources.bundle; sourceTree = "<group>"; };
		1DD70E292554733E00000000 /* Images.xcassets */ = {isa = PBXFileReference; lastKnownFileType = folder.assetcatalog; name = Images.xcassets; path = Tinpons/App/Images.xcassets; sourceTree = SOURCE_ROOT; };
		1DD70E2925A0F34000000000 /* Security.framework */ = {isa = PBXFileReference; lastKnownFileType = wrapper.framework; name = Security.framework; path = System/Library/Frameworks/Security.framework; sourceTree = SDKROOT; };
		1DD70E2927114D4C00000000 /* AuthenticationProtocol.swift */ = {isa = PBXFileReference; lastKnownFileType = sourcecode.swift; name = AuthenticationProtocol.swift; path = Tinpons/App/AuthenticationProtocol.swift; sourceTree = SOURCE_ROOT; };
		1DD70E292BFC031A00000000 /* FBSDKLoginKit.framework */ = {isa = PBXFileReference; lastKnownFileType = wrapper.framework; name = FBSDKLoginKit.framework; path = Tinpons/Sdk/Facebook/FBSDKLoginKit.framework; sourceTree = "<group>"; };
		1DD70E292C3FBFB900000000 /* AWSCognitoIdentityProvider.framework */ = {isa = PBXFileReference; lastKnownFileType = wrapper.framework; name = AWSCognitoIdentityProvider.framework; path = Tinpons/Sdk/Aws/AWSCognitoIdentityProvider.framework; sourceTree = "<group>"; };
		1DD70E292E74B0A400000000 /* SafariServices.framework */ = {isa = PBXFileReference; lastKnownFileType = wrapper.framework; name = SafariServices.framework; path = System/Library/Frameworks/SafariServices.framework; sourceTree = SDKROOT; };
		1DD70E292F06ACDE00000000 /* SignInViewControllerExtensions.swift */ = {isa = PBXFileReference; lastKnownFileType = sourcecode.swift; name = SignInViewControllerExtensions.swift; path = Tinpons/App/SignIn/UserPools/SignInViewControllerExtensions.swift; sourceTree = SOURCE_ROOT; };
		1DD70E292FF4A7CA00000000 /* Foundation.framework */ = {isa = PBXFileReference; lastKnownFileType = wrapper.framework; name = Foundation.framework; path = System/Library/Frameworks/Foundation.framework; sourceTree = SDKROOT; };
		1DD70E29313635AF00000000 /* libsqlite3.tbd */ = {isa = PBXFileReference; lastKnownFileType = "sourcecode.text-based-dylib-definition"; name = libsqlite3.tbd; path = usr/lib/libsqlite3.tbd; sourceTree = SDKROOT; };
		1DD70E29329951CD00000000 /* FacebookIdentityProfile.swift */ = {isa = PBXFileReference; lastKnownFileType = sourcecode.swift; name = FacebookIdentityProfile.swift; path = Tinpons/App/SignIn/FacebookIdentityProfile.swift; sourceTree = SOURCE_ROOT; };
		1DD70E29412E6AC500000000 /* AWSCognito.framework */ = {isa = PBXFileReference; lastKnownFileType = wrapper.framework; name = AWSCognito.framework; path = Tinpons/Sdk/Aws/extras/AWSCognito.framework; sourceTree = "<group>"; };
		1DD70E294594B81400000000 /* UserPoolsUIHelper.swift */ = {isa = PBXFileReference; lastKnownFileType = sourcecode.swift; name = UserPoolsUIHelper.swift; path = Tinpons/App/SignIn/UserPools/UserPoolsUIHelper.swift; sourceTree = SOURCE_ROOT; };
		1DD70E2946C3AB3000000000 /* AWSMobileClient.swift */ = {isa = PBXFileReference; lastKnownFileType = sourcecode.swift; name = AWSMobileClient.swift; path = Tinpons/AmazonAws/AWSMobileClient.swift; sourceTree = SOURCE_ROOT; };
		1DD70E2956CE98CA00000000 /* AWSCognitoUserPoolsSignIn.framework */ = {isa = PBXFileReference; lastKnownFileType = wrapper.framework; name = AWSCognitoUserPoolsSignIn.framework; path = Tinpons/AmazonAws/AWSCognitoUserPoolsSignIn.framework; sourceTree = "<group>"; };
		1DD70E29687DA31D00000000 /* Info.plist */ = {isa = PBXFileReference; lastKnownFileType = text.plist.xml; name = Info.plist; path = Tinpons/App/SupportingFiles/Info.plist; sourceTree = SOURCE_ROOT; };
		1DD70E2969DD7ECE00000000 /* WeGoLoco.app */ = {isa = PBXFileReference; explicitFileType = wrapper.application; path = WeGoLoco.app; sourceTree = BUILT_PRODUCTS_DIR; };
		1DD70E2969DFF7BE00000000 /* CFNetwork.framework */ = {isa = PBXFileReference; lastKnownFileType = wrapper.framework; name = CFNetwork.framework; path = System/Library/Frameworks/CFNetwork.framework; sourceTree = SDKROOT; };
		1DD70E296E5253F900000000 /* AWSCore.framework */ = {isa = PBXFileReference; lastKnownFileType = wrapper.framework; name = AWSCore.framework; path = Tinpons/Sdk/Aws/AWSCore.framework; sourceTree = "<group>"; };
		1DD70E297A4F404000000000 /* UIKit.framework */ = {isa = PBXFileReference; lastKnownFileType = wrapper.framework; name = UIKit.framework; path = System/Library/Frameworks/UIKit.framework; sourceTree = SDKROOT; };
		1DD70E2982A5337600000000 /* UserPoolNewPasswordViewController.swift */ = {isa = PBXFileReference; lastKnownFileType = sourcecode.swift; name = UserPoolNewPasswordViewController.swift; path = Tinpons/App/SignIn/UserPools/UserPoolNewPasswordViewController.swift; sourceTree = SOURCE_ROOT; };
		1DD70E29964685F000000000 /* AVFoundation.framework */ = {isa = PBXFileReference; lastKnownFileType = wrapper.framework; name = AVFoundation.framework; path = System/Library/Frameworks/AVFoundation.framework; sourceTree = SDKROOT; };
		1DD70E299FE8008200000000 /* Tinpons.entitlements */ = {isa = PBXFileReference; lastKnownFileType = text.plist.entitlements; name = Tinpons.entitlements; path = Tinpons/Tinpons.entitlements; sourceTree = SOURCE_ROOT; };
		1DD70E29A0CFD2E900000000 /* UtilityFunctions.swift */ = {isa = PBXFileReference; lastKnownFileType = sourcecode.swift; name = UtilityFunctions.swift; path = Tinpons/App/Utility/UtilityFunctions.swift; sourceTree = SOURCE_ROOT; };
		1DD70E29A8F4FCAE00000000 /* Launch Screen.storyboard */ = {isa = PBXFileReference; lastKnownFileType = file.storyboard; name = "Launch Screen.storyboard"; path = "Tinpons/App/Launch Screen.storyboard"; sourceTree = SOURCE_ROOT; };
		1DD70E29A937017200000000 /* AVKit.framework */ = {isa = PBXFileReference; lastKnownFileType = wrapper.framework; name = AVKit.framework; path = System/Library/Frameworks/AVKit.framework; sourceTree = SDKROOT; };
		1DD70E29AE6C88F800000000 /* FormTableCell.swift */ = {isa = PBXFileReference; lastKnownFileType = sourcecode.swift; name = FormTableCell.swift; path = Tinpons/App/SignIn/UserPools/FormTableCell.swift; sourceTree = SOURCE_ROOT; };
		1DD70E29B09FED7000000000 /* UserPoolForgotPasswordViewController.swift */ = {isa = PBXFileReference; lastKnownFileType = sourcecode.swift; name = UserPoolForgotPasswordViewController.swift; path = Tinpons/App/SignIn/UserPools/UserPoolForgotPasswordViewController.swift; sourceTree = SOURCE_ROOT; };
		1DD70E29BC3E8A3700000000 /* AWSDynamoDB.framework */ = {isa = PBXFileReference; lastKnownFileType = wrapper.framework; name = AWSDynamoDB.framework; path = Tinpons/Sdk/Aws/AWSDynamoDB.framework; sourceTree = "<group>"; };
		1DD70E29C459CAC000000000 /* TableInputCell.swift */ = {isa = PBXFileReference; lastKnownFileType = sourcecode.swift; name = TableInputCell.swift; path = Tinpons/App/SignIn/UserPools/TableInputCell.swift; sourceTree = SOURCE_ROOT; };
		1DD70E29C88EACA200000000 /* FormTableDelegate.swift */ = {isa = PBXFileReference; lastKnownFileType = sourcecode.swift; name = FormTableDelegate.swift; path = Tinpons/App/SignIn/UserPools/FormTableDelegate.swift; sourceTree = SOURCE_ROOT; };
		1DD70E29C919AF3300000000 /* DynamoDBTinpon.swift */ = {isa = PBXFileReference; lastKnownFileType = sourcecode.swift; name = DynamoDBTinpon.swift; path = Tinpons/AmazonAws/Models/NoSQL/DynamoDBTinpon.swift; sourceTree = SOURCE_ROOT; };
		1DD70E29E394D56000000000 /* AppDelegate.swift */ = {isa = PBXFileReference; lastKnownFileType = sourcecode.swift; name = AppDelegate.swift; path = Tinpons/App/AppDelegate.swift; sourceTree = SOURCE_ROOT; };
		1DD70E29E9CCE5D700000000 /* SignIn.storyboard */ = {isa = PBXFileReference; lastKnownFileType = file.storyboard; name = SignIn.storyboard; path = Tinpons/App/SignIn/SignIn.storyboard; sourceTree = SOURCE_ROOT; };
		1DD70E29EB555D3E00000000 /* FBSDKCoreKit.framework */ = {isa = PBXFileReference; lastKnownFileType = wrapper.framework; name = FBSDKCoreKit.framework; path = Tinpons/Sdk/Facebook/FBSDKCoreKit.framework; sourceTree = "<group>"; };
		1DD70E29EB7704B900000000 /* libz.tbd */ = {isa = PBXFileReference; lastKnownFileType = "sourcecode.text-based-dylib-definition"; name = libz.tbd; path = usr/lib/libz.tbd; sourceTree = SDKROOT; };
		1DD70E29F05B7FDC00000000 /* UserPoolSignUpViewController.swift */ = {isa = PBXFileReference; lastKnownFileType = sourcecode.swift; name = UserPoolSignUpViewController.swift; path = Tinpons/App/SignIn/UserPools/UserPoolSignUpViewController.swift; sourceTree = SOURCE_ROOT; };
		1DD70E29F45CC74200000000 /* UserPoolSignUpConfirmationViewController.swift */ = {isa = PBXFileReference; lastKnownFileType = sourcecode.swift; name = UserPoolSignUpConfirmationViewController.swift; path = Tinpons/App/SignIn/UserPools/UserPoolSignUpConfirmationViewController.swift; sourceTree = SOURCE_ROOT; };
		1DD70E29F74071EF00000000 /* SignInViewController.swift */ = {isa = PBXFileReference; lastKnownFileType = sourcecode.swift; name = SignInViewController.swift; path = Tinpons/App/SignIn/SignInViewController.swift; sourceTree = SOURCE_ROOT; };
		1DD70E29F77E3E0700000000 /* AWSS3.framework */ = {isa = PBXFileReference; lastKnownFileType = wrapper.framework; name = AWSS3.framework; path = Tinpons/Sdk/Aws/AWSS3.framework; sourceTree = "<group>"; };
		1DD70E29FF24C27A00000000 /* AWSMobileHubHelper.framework */ = {isa = PBXFileReference; lastKnownFileType = wrapper.framework; name = AWSMobileHubHelper.framework; path = Tinpons/AmazonAws/AWSMobileHubHelper.framework; sourceTree = "<group>"; };
		D40308451F0FCBDE00BF1BD5 /* TinponOld.swift */ = {isa = PBXFileReference; fileEncoding = 4; lastKnownFileType = sourcecode.swift; name = TinponOld.swift; path = Tinpons/AmazonAws/Models/NoSQL/TinponOld.swift; sourceTree = SOURCE_ROOT; };
		D40D974E1F3C752D00B246D0 /* Color.swift */ = {isa = PBXFileReference; fileEncoding = 4; lastKnownFileType = sourcecode.swift; name = Color.swift; path = Tinpons/App/API/Color.swift; sourceTree = SOURCE_ROOT; };
		D40EA70F1F2A315700A44735 /* SignUp.storyboard */ = {isa = PBXFileReference; fileEncoding = 4; lastKnownFileType = file.storyboard; name = SignUp.storyboard; path = Tinpons/App/SignIn/FirstSignIn/SignUp.storyboard; sourceTree = SOURCE_ROOT; };
		D40EA7131F2A40CA00A44735 /* proxima-nova-soft-bold.ttf */ = {isa = PBXFileReference; lastKnownFileType = file; name = "proxima-nova-soft-bold.ttf"; path = "Assets/Fonts/proxima-nova-soft-bold.ttf"; sourceTree = "<group>"; };
		D40EA7141F2A40CB00A44735 /* proxima-nova-soft-regular.ttf */ = {isa = PBXFileReference; lastKnownFileType = file; name = "proxima-nova-soft-regular.ttf"; path = "Assets/Fonts/proxima-nova-soft-regular.ttf"; sourceTree = "<group>"; };
		D40EA7171F2A461300A44735 /* IQKeyboardManagerSwift.framework */ = {isa = PBXFileReference; lastKnownFileType = wrapper.framework; name = IQKeyboardManagerSwift.framework; path = Carthage/Build/iOS/IQKeyboardManagerSwift.framework; sourceTree = "<group>"; };
		D410C5C51F2375CC008D6C92 /* AWSAPIGateway.framework */ = {isa = PBXFileReference; lastKnownFileType = wrapper.framework; name = AWSAPIGateway.framework; path = Tinpons/Sdk/Aws/AWSAPIGateway.framework; sourceTree = "<group>"; };
		D410C5D41F238242008D6C92 /* AWSCore.framework */ = {isa = PBXFileReference; lastKnownFileType = wrapper.framework; name = AWSCore.framework; path = Tinpons/Sdk/Aws/AWSCore.framework; sourceTree = "<group>"; };
		D410C5D71F23828A008D6C92 /* AWSCognitoIdentityProvider.framework */ = {isa = PBXFileReference; lastKnownFileType = wrapper.framework; name = AWSCognitoIdentityProvider.framework; path = Tinpons/Sdk/Aws/AWSCognitoIdentityProvider.framework; sourceTree = "<group>"; };
		D410C5E21F23A14D008D6C92 /* AWSConfiguration.swift */ = {isa = PBXFileReference; fileEncoding = 4; lastKnownFileType = sourcecode.swift; name = AWSConfiguration.swift; path = Tinpons/AmazonAws/AWSConfiguration.swift; sourceTree = SOURCE_ROOT; };
		D410C5EE1F24D7E0008D6C92 /* User.swift */ = {isa = PBXFileReference; fileEncoding = 4; lastKnownFileType = sourcecode.swift; name = User.swift; path = Tinpons/App/API/User.swift; sourceTree = SOURCE_ROOT; };
		D410C5F11F24E443008D6C92 /* UsersAPI.swift */ = {isa = PBXFileReference; fileEncoding = 4; lastKnownFileType = sourcecode.swift; name = UsersAPI.swift; path = Tinpons/App/API/UsersAPI.swift; sourceTree = SOURCE_ROOT; };
		D417F0901F1F81E700D803E0 /* LoadingAnimationProtocol.swift */ = {isa = PBXFileReference; fileEncoding = 4; lastKnownFileType = sourcecode.swift; name = LoadingAnimationProtocol.swift; path = Tinpons/App/LoadingAnimationProtocol.swift; sourceTree = SOURCE_ROOT; };
		D41A5D5A1F39916F00D1191C /* UserPoolEmailViewController.swift */ = {isa = PBXFileReference; fileEncoding = 4; lastKnownFileType = sourcecode.swift; name = UserPoolEmailViewController.swift; path = Tinpons/App/SignIn/FirstSignIn/UserPoolEmailViewController.swift; sourceTree = SOURCE_ROOT; };
		D41A5D5D1F39959D00D1191C /* UserPoolPasswordViewController.swift */ = {isa = PBXFileReference; fileEncoding = 4; lastKnownFileType = sourcecode.swift; name = UserPoolPasswordViewController.swift; path = Tinpons/App/SignIn/FirstSignIn/UserPoolPasswordViewController.swift; sourceTree = SOURCE_ROOT; };
		D41A5D5F1F3995D400D1191C /* UserPoolEmailConfirmationViewController.swift */ = {isa = PBXFileReference; fileEncoding = 4; lastKnownFileType = sourcecode.swift; name = UserPoolEmailConfirmationViewController.swift; path = Tinpons/App/SignIn/FirstSignIn/UserPoolEmailConfirmationViewController.swift; sourceTree = SOURCE_ROOT; };
		D41EB2601F333CF2003842E4 /* AWSAPI_9HLT8N48WD_Empty.h */ = {isa = PBXFileReference; fileEncoding = 4; lastKnownFileType = sourcecode.c.h; path = AWSAPI_9HLT8N48WD_Empty.h; sourceTree = "<group>"; };
		D41EB2611F333CF2003842E4 /* AWSAPI_9HLT8N48WD_Empty.m */ = {isa = PBXFileReference; fileEncoding = 4; lastKnownFileType = sourcecode.c.objc; path = AWSAPI_9HLT8N48WD_Empty.m; sourceTree = "<group>"; };
		D41EB2621F333CF2003842E4 /* AWSAPI_9HLT8N48WD_RequestSchema.h */ = {isa = PBXFileReference; fileEncoding = 4; lastKnownFileType = sourcecode.c.h; path = AWSAPI_9HLT8N48WD_RequestSchema.h; sourceTree = "<group>"; };
		D41EB2631F333CF2003842E4 /* AWSAPI_9HLT8N48WD_RequestSchema.m */ = {isa = PBXFileReference; fileEncoding = 4; lastKnownFileType = sourcecode.c.objc; path = AWSAPI_9HLT8N48WD_RequestSchema.m; sourceTree = "<group>"; };
		D41EB2641F333CF2003842E4 /* AWSAPI_9HLT8N48WD_ResponseSchema.h */ = {isa = PBXFileReference; fileEncoding = 4; lastKnownFileType = sourcecode.c.h; path = AWSAPI_9HLT8N48WD_ResponseSchema.h; sourceTree = "<group>"; };
		D41EB2651F333CF2003842E4 /* AWSAPI_9HLT8N48WD_ResponseSchema.m */ = {isa = PBXFileReference; fileEncoding = 4; lastKnownFileType = sourcecode.c.objc; path = AWSAPI_9HLT8N48WD_ResponseSchema.m; sourceTree = "<group>"; };
		D41EB2661F333CF2003842E4 /* AWSAPI_9HLT8N48WD_WeGoLocoClient.h */ = {isa = PBXFileReference; fileEncoding = 4; lastKnownFileType = sourcecode.c.h; path = AWSAPI_9HLT8N48WD_WeGoLocoClient.h; sourceTree = "<group>"; };
		D41EB2671F333CF2003842E4 /* AWSAPI_9HLT8N48WD_WeGoLocoClient.m */ = {isa = PBXFileReference; fileEncoding = 4; lastKnownFileType = sourcecode.c.objc; path = AWSAPI_9HLT8N48WD_WeGoLocoClient.m; sourceTree = "<group>"; };
		D41EB26C1F333D01003842E4 /* Bridging_Header.h */ = {isa = PBXFileReference; lastKnownFileType = sourcecode.c.h; name = Bridging_Header.h; path = Tinpons/AmazonAws/Bridging_Header.h; sourceTree = SOURCE_ROOT; };
		D41EB26D1F338758003842E4 /* PasswordViewController.swift */ = {isa = PBXFileReference; fileEncoding = 4; lastKnownFileType = sourcecode.swift; name = PasswordViewController.swift; path = Tinpons/App/SignIn/FirstSignIn/PasswordViewController.swift; sourceTree = SOURCE_ROOT; };
		D41EB26F1F3395A0003842E4 /* EmailConfirmationViewController.swift */ = {isa = PBXFileReference; fileEncoding = 4; lastKnownFileType = sourcecode.swift; name = EmailConfirmationViewController.swift; path = Tinpons/App/SignIn/FirstSignIn/EmailConfirmationViewController.swift; sourceTree = SOURCE_ROOT; };
		D423ABA71F3B079300A6FE2A /* ProductVariationCell.xib */ = {isa = PBXFileReference; fileEncoding = 4; lastKnownFileType = file.xib; name = ProductVariationCell.xib; path = Tinpons/App/Favourites/ProductVariationCell.xib; sourceTree = SOURCE_ROOT; };
		D423ABA91F3B111200A6FE2A /* ProductVariationCell.swift */ = {isa = PBXFileReference; fileEncoding = 4; lastKnownFileType = sourcecode.swift; name = ProductVariationCell.swift; path = Tinpons/App/Favourites/ProductVariationCell.swift; sourceTree = SOURCE_ROOT; };
		D42DC6B91F1BF8D40087EB4F /* Whisper.framework */ = {isa = PBXFileReference; lastKnownFileType = wrapper.framework; name = Whisper.framework; path = Carthage/Build/iOS/Whisper.framework; sourceTree = "<group>"; };
		D4306C801F0E6BEC0073A11E /* Stores.swift */ = {isa = PBXFileReference; fileEncoding = 4; lastKnownFileType = sourcecode.swift; name = Stores.swift; path = Tinpons/AmazonAws/Models/NoSQL/Stores.swift; sourceTree = SOURCE_ROOT; };
		D4306C821F0E73780073A11E /* AWSHelper.swift */ = {isa = PBXFileReference; fileEncoding = 4; lastKnownFileType = sourcecode.swift; name = AWSHelper.swift; path = Tinpons/AmazonAws/Models/NoSQL/AWSHelper.swift; sourceTree = SOURCE_ROOT; };
		D430CC8A1F2B2AF200174E5C /* EmailViewController.swift */ = {isa = PBXFileReference; fileEncoding = 4; lastKnownFileType = sourcecode.swift; name = EmailViewController.swift; path = Tinpons/App/SignIn/FirstSignIn/EmailViewController.swift; sourceTree = SOURCE_ROOT; };
		D430CC8C1F2B2B1A00174E5C /* BirthdateViewController.swift */ = {isa = PBXFileReference; fileEncoding = 4; lastKnownFileType = sourcecode.swift; name = BirthdateViewController.swift; path = Tinpons/App/SignIn/FirstSignIn/BirthdateViewController.swift; sourceTree = SOURCE_ROOT; };
		D430CC901F2B2E0300174E5C /* SignUpViewController.swift */ = {isa = PBXFileReference; fileEncoding = 4; lastKnownFileType = sourcecode.swift; name = SignUpViewController.swift; path = Tinpons/App/SignIn/FirstSignIn/SignUpViewController.swift; sourceTree = SOURCE_ROOT; };
		D430CC921F2B2FA100174E5C /* SignInNavigationController.swift */ = {isa = PBXFileReference; fileEncoding = 4; lastKnownFileType = sourcecode.swift; name = SignInNavigationController.swift; path = Tinpons/App/SignIn/FirstSignIn/SignInNavigationController.swift; sourceTree = SOURCE_ROOT; };
		D43777971F262CDB0023448F /* APIGatewayProtocol.swift */ = {isa = PBXFileReference; fileEncoding = 4; lastKnownFileType = sourcecode.swift; name = APIGatewayProtocol.swift; path = Tinpons/App/API/APIGatewayProtocol.swift; sourceTree = SOURCE_ROOT; };
		D443C0F51EEC699D00FD148F /* SwiperViewController.swift */ = {isa = PBXFileReference; fileEncoding = 4; lastKnownFileType = sourcecode.swift; name = SwiperViewController.swift; path = Tinpons/App/Swiper/SwiperViewController.swift; sourceTree = SOURCE_ROOT; };
		D443C0F71EEC6CA300FD148F /* BackgroundKolodaAnimator.swift */ = {isa = PBXFileReference; fileEncoding = 4; lastKnownFileType = sourcecode.swift; name = BackgroundKolodaAnimator.swift; path = Tinpons/App/Swiper/BackgroundKolodaAnimator.swift; sourceTree = SOURCE_ROOT; };
		D443C0F91EEC728100FD148F /* AddProductViewController.swift */ = {isa = PBXFileReference; fileEncoding = 4; lastKnownFileType = sourcecode.swift; name = AddProductViewController.swift; path = Tinpons/App/AddProduct/AddProductViewController.swift; sourceTree = SOURCE_ROOT; };
		D4512B471F18E448009B109C /* ManagerTableViewController.swift */ = {isa = PBXFileReference; fileEncoding = 4; lastKnownFileType = sourcecode.swift; name = ManagerTableViewController.swift; path = Tinpons/App/Favourites/ManagerTableViewController.swift; sourceTree = SOURCE_ROOT; };
		D4512B491F1930BE009B109C /* ManagerTableViewCell.swift */ = {isa = PBXFileReference; fileEncoding = 4; lastKnownFileType = sourcecode.swift; name = ManagerTableViewCell.swift; path = Tinpons/App/Favourites/ManagerTableViewCell.swift; sourceTree = SOURCE_ROOT; };
		D45220681F2C840400D01C43 /* Validator.framework */ = {isa = PBXFileReference; lastKnownFileType = wrapper.framework; name = Validator.framework; path = Carthage/Build/iOS/Validator.framework; sourceTree = "<group>"; };
		D45220691F2C924C00D01C43 /* Validator.framework */ = {isa = PBXFileReference; lastKnownFileType = wrapper.framework; name = Validator.framework; path = Carthage/Build/iOS/Validator.framework; sourceTree = "<group>"; };
		D452206E1F2CC85A00D01C43 /* GenderViewController.swift */ = {isa = PBXFileReference; fileEncoding = 4; lastKnownFileType = sourcecode.swift; name = GenderViewController.swift; path = Tinpons/App/SignIn/FirstSignIn/GenderViewController.swift; sourceTree = SOURCE_ROOT; };
		D45220721F2CD96200D01C43 /* CategoriesTableViewController.swift */ = {isa = PBXFileReference; fileEncoding = 4; lastKnownFileType = sourcecode.swift; name = CategoriesTableViewController.swift; path = Tinpons/App/SignIn/FirstSignIn/CategoriesTableViewController.swift; sourceTree = SOURCE_ROOT; };
		D47D705A1F36F326003E0708 /* BoltsSwift.framework */ = {isa = PBXFileReference; lastKnownFileType = wrapper.framework; name = BoltsSwift.framework; path = Carthage/Build/iOS/BoltsSwift.framework; sourceTree = "<group>"; };
		D47D705D1F36F8C5003E0708 /* PromiseKit.framework */ = {isa = PBXFileReference; lastKnownFileType = wrapper.framework; name = PromiseKit.framework; path = Carthage/Build/iOS/PromiseKit.framework; sourceTree = "<group>"; };
		D47D70601F37045B003E0708 /* APIError.swift */ = {isa = PBXFileReference; fileEncoding = 4; lastKnownFileType = sourcecode.swift; name = APIError.swift; path = Tinpons/App/API/APIError.swift; sourceTree = SOURCE_ROOT; };
		D47F96E51EED8C2A00B9FCE3 /* Eureka.framework */ = {isa = PBXFileReference; lastKnownFileType = wrapper.framework; name = Eureka.framework; path = Carthage/Build/iOS/Eureka.framework; sourceTree = "<group>"; };
		D47F96E71EED8CFF00B9FCE3 /* Eureka.framework */ = {isa = PBXFileReference; lastKnownFileType = wrapper.framework; name = Eureka.framework; path = Carthage/Build/iOS/Eureka.framework; sourceTree = "<group>"; };
		D47F96EC1EED932600B9FCE3 /* ImageRow.framework */ = {isa = PBXFileReference; lastKnownFileType = wrapper.framework; name = ImageRow.framework; path = Carthage/Build/iOS/ImageRow.framework; sourceTree = "<group>"; };
		D47F96EF1EED938400B9FCE3 /* ImageRow.framework */ = {isa = PBXFileReference; lastKnownFileType = wrapper.framework; name = ImageRow.framework; path = Carthage/Build/iOS/ImageRow.framework; sourceTree = "<group>"; };
		D480D0531EEBEEF300B4193A /* pop.framework */ = {isa = PBXFileReference; lastKnownFileType = wrapper.framework; name = pop.framework; path = Carthage/Build/iOS/pop.framework; sourceTree = "<group>"; };
		D480D0561EEBEF3500B4193A /* Koloda.framework */ = {isa = PBXFileReference; lastKnownFileType = wrapper.framework; name = Koloda.framework; path = Carthage/Build/iOS/Koloda.framework; sourceTree = "<group>"; };
		D4A69B9F1F3B13A900037002 /* ProductVariationRow.swift */ = {isa = PBXFileReference; fileEncoding = 4; lastKnownFileType = sourcecode.swift; name = ProductVariationRow.swift; path = Tinpons/App/Favourites/ProductVariationRow.swift; sourceTree = SOURCE_ROOT; };
		D4A69BA21F3B2CAD00037002 /* CoreActionSheetPicker.framework */ = {isa = PBXFileReference; lastKnownFileType = wrapper.framework; name = CoreActionSheetPicker.framework; path = Carthage/Build/iOS/CoreActionSheetPicker.framework; sourceTree = "<group>"; };
		D4AAB5A61F305A0900050E02 /* TinponsAPI.swift */ = {isa = PBXFileReference; fileEncoding = 4; lastKnownFileType = sourcecode.swift; name = TinponsAPI.swift; path = Tinpons/App/API/TinponsAPI.swift; sourceTree = SOURCE_ROOT; };
		D4B7D1FD1F28C442008F3AE1 /* RemachineScript.ttf */ = {isa = PBXFileReference; lastKnownFileType = file; name = RemachineScript.ttf; path = Assets/Fonts/RemachineScript.ttf; sourceTree = "<group>"; };
		D4B7D1FF1F28C71A008F3AE1 /* MainTabBarController.swift */ = {isa = PBXFileReference; fileEncoding = 4; lastKnownFileType = sourcecode.swift; name = MainTabBarController.swift; path = Tinpons/App/MainTabBarController.swift; sourceTree = SOURCE_ROOT; };
		D4B95B951F1E84180078289F /* Extensions.swift */ = {isa = PBXFileReference; fileEncoding = 4; lastKnownFileType = sourcecode.swift; name = Extensions.swift; path = Tinpons/AmazonAws/Models/NoSQL/Extensions.swift; sourceTree = SOURCE_ROOT; };
		D4D271291F12ACD2003A7287 /* TinponsModel.xcdatamodel */ = {isa = PBXFileReference; lastKnownFileType = wrapper.xcdatamodel; path = TinponsModel.xcdatamodel; sourceTree = "<group>"; };
		D4DA42451F0E123100A1C69E /* SwiftIconFont.framework */ = {isa = PBXFileReference; lastKnownFileType = wrapper.framework; name = SwiftIconFont.framework; path = Carthage/Build/iOS/SwiftIconFont.framework; sourceTree = "<group>"; };
		D4DA424A1F0E2C4200A1C69E /* MapKit.framework */ = {isa = PBXFileReference; lastKnownFileType = wrapper.framework; name = MapKit.framework; path = System/Library/Frameworks/MapKit.framework; sourceTree = SDKROOT; };
		D4DA424C1F0E2CFB00A1C69E /* CustomCells.swift */ = {isa = PBXFileReference; fileEncoding = 4; lastKnownFileType = sourcecode.swift; name = CustomCells.swift; path = Tinpons/App/Profile/CustomCells.swift; sourceTree = SOURCE_ROOT; };
		D4DAE9711F1C9B20000C447E /* FavouriteCollectionViewCell.swift */ = {isa = PBXFileReference; fileEncoding = 4; lastKnownFileType = sourcecode.swift; name = FavouriteCollectionViewCell.swift; path = Tinpons/App/Favourites/FavouriteCollectionViewCell.swift; sourceTree = SOURCE_ROOT; };
		D4DAE9731F1C9B4A000C447E /* FavouriteCollectionViewController.swift */ = {isa = PBXFileReference; fileEncoding = 4; lastKnownFileType = sourcecode.swift; name = FavouriteCollectionViewController.swift; path = Tinpons/App/Favourites/FavouriteCollectionViewController.swift; sourceTree = SOURCE_ROOT; };
		D4DC434D1F1E3A2000BC1283 /* UserWrapper.swift */ = {isa = PBXFileReference; fileEncoding = 4; lastKnownFileType = sourcecode.swift; name = UserWrapper.swift; path = Tinpons/AmazonAws/Models/NoSQL/UserWrapper.swift; sourceTree = SOURCE_ROOT; };
		D4DC434F1F1E448200BC1283 /* TinponWrapper.swift */ = {isa = PBXFileReference; fileEncoding = 4; lastKnownFileType = sourcecode.swift; name = TinponWrapper.swift; path = Tinpons/AmazonAws/Models/NoSQL/TinponWrapper.swift; sourceTree = SOURCE_ROOT; };
		D4E2581F1EEC1A6400B2B986 /* CustomOverlayView.swift */ = {isa = PBXFileReference; fileEncoding = 4; lastKnownFileType = sourcecode.swift; name = CustomOverlayView.swift; path = Tinpons/App/Swiper/CustomOverlayView.swift; sourceTree = SOURCE_ROOT; };
		D4E258201EEC1A6400B2B986 /* CustomOverlayView.xib */ = {isa = PBXFileReference; fileEncoding = 4; lastKnownFileType = file.xib; name = CustomOverlayView.xib; path = Tinpons/App/Swiper/CustomOverlayView.xib; sourceTree = SOURCE_ROOT; };
		D4E258231EEC625400B2B986 /* CustomKolodaView.swift */ = {isa = PBXFileReference; fileEncoding = 4; lastKnownFileType = sourcecode.swift; name = CustomKolodaView.swift; path = Tinpons/App/Swiper/CustomKolodaView.swift; sourceTree = SOURCE_ROOT; };
		D4EEF6591F2F9F8700297A5E /* Tinpon.swift */ = {isa = PBXFileReference; fileEncoding = 4; lastKnownFileType = sourcecode.swift; name = Tinpon.swift; path = Tinpons/App/API/Tinpon.swift; sourceTree = SOURCE_ROOT; };
		D4FA2EC81F0CD0C100B287FB /* DynamoDBSwipedTinpon.swift */ = {isa = PBXFileReference; fileEncoding = 4; lastKnownFileType = sourcecode.swift; name = DynamoDBSwipedTinpon.swift; path = Tinpons/AmazonAws/Models/NoSQL/DynamoDBSwipedTinpon.swift; sourceTree = SOURCE_ROOT; };
		D4FA2ECB1F0CE85B00B287FB /* ProfileViewController.swift */ = {isa = PBXFileReference; fileEncoding = 4; lastKnownFileType = sourcecode.swift; name = ProfileViewController.swift; path = Tinpons/App/Profile/ProfileViewController.swift; sourceTree = SOURCE_ROOT; };
		D4FA2ED11F0D10FD00B287FB /* DynamoDBUser.swift */ = {isa = PBXFileReference; fileEncoding = 4; lastKnownFileType = sourcecode.swift; name = DynamoDBUser.swift; path = Tinpons/AmazonAws/Models/NoSQL/DynamoDBUser.swift; sourceTree = SOURCE_ROOT; };
		D4FC90E21F163328002A6F9E /* SwipedTinpon.swift */ = {isa = PBXFileReference; fileEncoding = 4; lastKnownFileType = sourcecode.swift; name = SwipedTinpon.swift; path = Tinpons/AmazonAws/Models/NoSQL/SwipedTinpon.swift; sourceTree = SOURCE_ROOT; };
		D4FC90E41F1669F8002A6F9E /* SwipedTinponsCore.swift */ = {isa = PBXFileReference; fileEncoding = 4; lastKnownFileType = sourcecode.swift; name = SwipedTinponsCore.swift; path = Tinpons/AmazonAws/Models/NoSQL/SwipedTinponsCore.swift; sourceTree = SOURCE_ROOT; };
/* End PBXFileReference section */

/* Begin PBXFrameworksBuildPhase section */
		4F426D880000000000000000 /* Frameworks */ = {
			isa = PBXFrameworksBuildPhase;
			buildActionMask = 2147483647;
			files = (
				D452206A1F2C924C00D01C43 /* Validator.framework in Frameworks */,
				D4DA424B1F0E2C4200A1C69E /* MapKit.framework in Frameworks */,
				E7A30F040024501400000001 /* AWSDynamoDB.framework in Frameworks */,
				D480D0581EEBEF7200B4193A /* Koloda.framework in Frameworks */,
				E7A30F046362ECD700000000 /* FBSDKLoginKit.framework in Frameworks */,
				D410C5D51F238242008D6C92 /* AWSCore.framework in Frameworks */,
				E7A30F048EEF138700000000 /* AWSCognitoUserPoolsSignIn.framework in Frameworks */,
				E7A30F0418F7B7D900000000 /* FBSDKCoreKit.framework in Frameworks */,
				E7A30F040879B56F00000001 /* AWSCognito.framework in Frameworks */,
				D47F96F01EED938400B9FCE3 /* ImageRow.framework in Frameworks */,
				E7A30F046317E39C00000001 /* AWSS3.framework in Frameworks */,
				E7A30F045560C2B200000000 /* AWSMobileHubHelper.framework in Frameworks */,
				E7A30F04F1E5184200000000 /* AWSFacebookSignIn.framework in Frameworks */,
				E7A30F040E0E6CF100000000 /* UIKit.framework in Frameworks */,
				E7A30F047BEED6DB00000000 /* SystemConfiguration.framework in Frameworks */,
				D42DC6BB1F1BF9800087EB4F /* Whisper.framework in Frameworks */,
				D410C5C61F2375CC008D6C92 /* AWSAPIGateway.framework in Frameworks */,
				D40EA7181F2A461300A44735 /* IQKeyboardManagerSwift.framework in Frameworks */,
				D4DA42471F0E13CD00A1C69E /* SwiftIconFont.framework in Frameworks */,
				E7A30F045D6A367800000000 /* Security.framework in Frameworks */,
				D410C5D81F23828A008D6C92 /* AWSCognitoIdentityProvider.framework in Frameworks */,
				E7A30F048D6E5D3400000000 /* CFNetwork.framework in Frameworks */,
				E7A30F041123764F00000000 /* libz.tbd in Frameworks */,
				D47D705E1F36F8C5003E0708 /* PromiseKit.framework in Frameworks */,
				E7A30F044C3EA71500000000 /* libsqlite3.tbd in Frameworks */,
				E7A30F04D8A4937D00000000 /* Foundation.framework in Frameworks */,
				E7A30F0441B6CF8A00000000 /* MediaPlayer.framework in Frameworks */,
				E7A30F045CF37CF300000000 /* AVFoundation.framework in Frameworks */,
				E7A30F04DDC5AA4700000000 /* AVKit.framework in Frameworks */,
				D480D0541EEBEEF300B4193A /* pop.framework in Frameworks */,
				E7A30F04C6AE9E9200000000 /* SafariServices.framework in Frameworks */,
				D47F96E81EED8D0000B9FCE3 /* Eureka.framework in Frameworks */,
			);
			runOnlyForDeploymentPostprocessing = 0;
		};
/* End PBXFrameworksBuildPhase section */

/* Begin PBXGroup section */
		B401C9792DF24DB900000000 /* App */ = {
			isa = PBXGroup;
			children = (
				D4B95B951F1E84180078289F /* Extensions.swift */,
				1DD70E29E394D56000000000 /* AppDelegate.swift */,
				1DD70E292554733E00000000 /* Images.xcassets */,
				1DD70E29A8F4FCAE00000000 /* Launch Screen.storyboard */,
				1DD70E29001F5DDA00000000 /* Main.storyboard */,
				D4B7D1FF1F28C71A008F3AE1 /* MainTabBarController.swift */,
				1DD70E2927114D4C00000000 /* AuthenticationProtocol.swift */,
				D417F0901F1F81E700D803E0 /* LoadingAnimationProtocol.swift */,
				D480D05A1EEBF0ED00B4193A /* Swiper */,
				D423ABA41F3B06D400A6FE2A /* Manager */,
				D4512B421F189D42009B109C /* Favourites */,
				B401C979550308D500000000 /* SignIn */,
				D4FA2ECA1F0CE83A00B287FB /* Profile */,
				B401C9794FB6A0BD00000000 /* SupportingFiles */,
				B401C979583E47AD00000000 /* Utility */,
				D410C5F01F24DA6A008D6C92 /* Api */,
			);
			name = App;
			path = Tinpons/app;
			sourceTree = "<group>";
		};
		B401C9792ED981A800000000 /* Frameworks */ = {
			isa = PBXGroup;
			children = (
				D4A69BA21F3B2CAD00037002 /* CoreActionSheetPicker.framework */,
				D47D705D1F36F8C5003E0708 /* PromiseKit.framework */,
				D47D705A1F36F326003E0708 /* BoltsSwift.framework */,
				D45220691F2C924C00D01C43 /* Validator.framework */,
				D45220681F2C840400D01C43 /* Validator.framework */,
				D40EA7171F2A461300A44735 /* IQKeyboardManagerSwift.framework */,
				D410C5D71F23828A008D6C92 /* AWSCognitoIdentityProvider.framework */,
				D410C5D41F238242008D6C92 /* AWSCore.framework */,
				D410C5C51F2375CC008D6C92 /* AWSAPIGateway.framework */,
				D47F96EF1EED938400B9FCE3 /* ImageRow.framework */,
				D47F96E71EED8CFF00B9FCE3 /* Eureka.framework */,
				D42DC6B91F1BF8D40087EB4F /* Whisper.framework */,
				D4DA424A1F0E2C4200A1C69E /* MapKit.framework */,
				D4DA42451F0E123100A1C69E /* SwiftIconFont.framework */,
				D47F96EC1EED932600B9FCE3 /* ImageRow.framework */,
				D47F96E51EED8C2A00B9FCE3 /* Eureka.framework */,
				D480D0561EEBEF3500B4193A /* Koloda.framework */,
				D480D0531EEBEEF300B4193A /* pop.framework */,
				1DD70E29964685F000000000 /* AVFoundation.framework */,
				1DD70E29A937017200000000 /* AVKit.framework */,
				1DD70E29412E6AC500000000 /* AWSCognito.framework */,
				1DD70E292C3FBFB900000000 /* AWSCognitoIdentityProvider.framework */,
				1DD70E2956CE98CA00000000 /* AWSCognitoUserPoolsSignIn.framework */,
				1DD70E296E5253F900000000 /* AWSCore.framework */,
				1DD70E29BC3E8A3700000000 /* AWSDynamoDB.framework */,
				1DD70E2906D374E400000000 /* AWSFacebookSignIn.framework */,
				1DD70E2925334DDE00000000 /* AWSFacebookSignInResources.bundle */,
				1DD70E29FF24C27A00000000 /* AWSMobileHubHelper.framework */,
				1DD70E29F77E3E0700000000 /* AWSS3.framework */,
				1DD70E2969DFF7BE00000000 /* CFNetwork.framework */,
				1DD70E29EB555D3E00000000 /* FBSDKCoreKit.framework */,
				1DD70E292BFC031A00000000 /* FBSDKLoginKit.framework */,
				1DD70E292FF4A7CA00000000 /* Foundation.framework */,
				1DD70E29098E246A00000000 /* MediaPlayer.framework */,
				1DD70E292E74B0A400000000 /* SafariServices.framework */,
				1DD70E2925A0F34000000000 /* Security.framework */,
				1DD70E29113800C600000000 /* SystemConfiguration.framework */,
				1DD70E297A4F404000000000 /* UIKit.framework */,
				1DD70E29313635AF00000000 /* libsqlite3.tbd */,
				1DD70E29EB7704B900000000 /* libz.tbd */,
			);
			name = Frameworks;
			sourceTree = "<group>";
		};
		B401C9792EF2543B00000000 /* Products */ = {
			isa = PBXGroup;
			children = (
				1DD70E2969DD7ECE00000000 /* WeGoLoco.app */,
			);
			name = Products;
			sourceTree = "<group>";
		};
		B401C9793DAC23B500000000 /* mainGroup */ = {
			isa = PBXGroup;
			children = (
				D4CA25BC1F279879007AF347 /* Assets */,
				B401C9792ED981A800000000 /* Frameworks */,
				B401C9793F3D745900000000 /* WeGoLoco */,
				B401C9792EF2543B00000000 /* Products */,
			);
			name = mainGroup;
			sourceTree = "<group>";
		};
		B401C9793F3D745900000000 /* WeGoLoco */ = {
			isa = PBXGroup;
			children = (
				B401C97953B32C8900000000 /* AmazonAws */,
				B401C9792DF24DB900000000 /* App */,
				1DD70E299FE8008200000000 /* Tinpons.entitlements */,
				D4D271281F12ACD2003A7287 /* TinponsModel.xcdatamodeld */,
			);
			name = WeGoLoco;
			path = Tinpons;
			sourceTree = "<group>";
		};
		B401C9794FB6A0BD00000000 /* SupportingFiles */ = {
			isa = PBXGroup;
			children = (
				1DD70E29687DA31D00000000 /* Info.plist */,
			);
			name = SupportingFiles;
			path = Tinpons/app/supportingfiles;
			sourceTree = "<group>";
		};
		B401C97953B32C8900000000 /* AmazonAws */ = {
			isa = PBXGroup;
			children = (
				D410C5E21F23A14D008D6C92 /* AWSConfiguration.swift */,
				1DD70E2946C3AB3000000000 /* AWSMobileClient.swift */,
				D41EB26C1F333D01003842E4 /* Bridging_Header.h */,
				D410C5C81F237FC6008D6C92 /* API Gateway */,
				B401C979FD4026CD00000000 /* Models */,
			);
			name = AmazonAws;
			path = Tinpons/amazonaws;
			sourceTree = "<group>";
		};
		B401C979550308D500000000 /* SignIn */ = {
			isa = PBXGroup;
			children = (
				D40EA70E1F2A313C00A44735 /* SignUp */,
				1DD70E29329951CD00000000 /* FacebookIdentityProfile.swift */,
				D430CC921F2B2FA100174E5C /* SignInNavigationController.swift */,
				1DD70E29E9CCE5D700000000 /* SignIn.storyboard */,
				1DD70E29F74071EF00000000 /* SignInViewController.swift */,
				B401C9797133028C00000000 /* UserPools */,
			);
			name = SignIn;
			path = Tinpons/app/signin;
			sourceTree = "<group>";
		};
		B401C979583E47AD00000000 /* Utility */ = {
			isa = PBXGroup;
			children = (
				1DD70E29A0CFD2E900000000 /* UtilityFunctions.swift */,
			);
			name = Utility;
			path = Tinpons/app/utility;
			sourceTree = "<group>";
		};
		B401C9797133028C00000000 /* UserPools */ = {
			isa = PBXGroup;
			children = (
				1DD70E29AE6C88F800000000 /* FormTableCell.swift */,
				1DD70E29C88EACA200000000 /* FormTableDelegate.swift */,
				1DD70E292F06ACDE00000000 /* SignInViewControllerExtensions.swift */,
				1DD70E29C459CAC000000000 /* TableInputCell.swift */,
				1DD70E29B09FED7000000000 /* UserPoolForgotPasswordViewController.swift */,
				1DD70E290654A9EC00000000 /* UserPoolMFAViewController.swift */,
				1DD70E2982A5337600000000 /* UserPoolNewPasswordViewController.swift */,
				1DD70E29F45CC74200000000 /* UserPoolSignUpConfirmationViewController.swift */,
				1DD70E29F05B7FDC00000000 /* UserPoolSignUpViewController.swift */,
				1DD70E290F8AE36000000000 /* UserPools.storyboard */,
				1DD70E291472F28E00000000 /* UserPoolsIdentityProfile.swift */,
				1DD70E294594B81400000000 /* UserPoolsUIHelper.swift */,
			);
			name = UserPools;
			path = Tinpons/app/signin/userpools;
			sourceTree = "<group>";
		};
		B401C979882F603200000000 /* NoSQL */ = {
			isa = PBXGroup;
			children = (
				D4FA2EC81F0CD0C100B287FB /* DynamoDBSwipedTinpon.swift */,
				D4306C801F0E6BEC0073A11E /* Stores.swift */,
				D4306C821F0E73780073A11E /* AWSHelper.swift */,
				1DD70E29C919AF3300000000 /* DynamoDBTinpon.swift */,
				D40308451F0FCBDE00BF1BD5 /* TinponOld.swift */,
				D4DC434F1F1E448200BC1283 /* TinponWrapper.swift */,
				D4FC90E21F163328002A6F9E /* SwipedTinpon.swift */,
				D4FC90E41F1669F8002A6F9E /* SwipedTinponsCore.swift */,
				D4FA2ED11F0D10FD00B287FB /* DynamoDBUser.swift */,
				D4DC434D1F1E3A2000BC1283 /* UserWrapper.swift */,
			);
			name = NoSQL;
			path = Tinpons/amazonaws/models/nosql;
			sourceTree = "<group>";
		};
		B401C979FD4026CD00000000 /* Models */ = {
			isa = PBXGroup;
			children = (
				B401C979882F603200000000 /* NoSQL */,
			);
			name = Models;
			path = Tinpons/amazonaws/models;
			sourceTree = "<group>";
		};
		D40EA70E1F2A313C00A44735 /* SignUp */ = {
			isa = PBXGroup;
			children = (
				D40EA70F1F2A315700A44735 /* SignUp.storyboard */,
				D430CC901F2B2E0300174E5C /* SignUpViewController.swift */,
				D430CC8A1F2B2AF200174E5C /* EmailViewController.swift */,
				D41EB26D1F338758003842E4 /* PasswordViewController.swift */,
				D41EB26F1F3395A0003842E4 /* EmailConfirmationViewController.swift */,
				D430CC8C1F2B2B1A00174E5C /* BirthdateViewController.swift */,
				D452206E1F2CC85A00D01C43 /* GenderViewController.swift */,
				D45220721F2CD96200D01C43 /* CategoriesTableViewController.swift */,
				D41A5D5C1F39917800D1191C /* UserPoolSignUp */,
			);
			name = SignUp;
			path = ../../App/SignIn/FirstSignIn;
			sourceTree = "<group>";
		};
		D410C5C81F237FC6008D6C92 /* API Gateway */ = {
			isa = PBXGroup;
			children = (
				D41EB2601F333CF2003842E4 /* AWSAPI_9HLT8N48WD_Empty.h */,
				D41EB2611F333CF2003842E4 /* AWSAPI_9HLT8N48WD_Empty.m */,
				D41EB2621F333CF2003842E4 /* AWSAPI_9HLT8N48WD_RequestSchema.h */,
				D41EB2631F333CF2003842E4 /* AWSAPI_9HLT8N48WD_RequestSchema.m */,
				D41EB2641F333CF2003842E4 /* AWSAPI_9HLT8N48WD_ResponseSchema.h */,
				D41EB2651F333CF2003842E4 /* AWSAPI_9HLT8N48WD_ResponseSchema.m */,
				D41EB2661F333CF2003842E4 /* AWSAPI_9HLT8N48WD_WeGoLocoClient.h */,
				D41EB2671F333CF2003842E4 /* AWSAPI_9HLT8N48WD_WeGoLocoClient.m */,
			);
			name = "API Gateway";
			path = "Tinpons/AmazonAws/API Gateway";
			sourceTree = SOURCE_ROOT;
		};
		D410C5F01F24DA6A008D6C92 /* Api */ = {
			isa = PBXGroup;
			children = (
				D43777971F262CDB0023448F /* APIGatewayProtocol.swift */,
				D410C5EE1F24D7E0008D6C92 /* User.swift */,
				D410C5F11F24E443008D6C92 /* UsersAPI.swift */,
				D4EEF6591F2F9F8700297A5E /* Tinpon.swift */,
				D4AAB5A61F305A0900050E02 /* TinponsAPI.swift */,
				D47D70601F37045B003E0708 /* APIError.swift */,
				D40D974E1F3C752D00B246D0 /* Color.swift */,
			);
			name = Api;
			path = Tinpons/App/API;
			sourceTree = "<group>";
		};
		D41A5D5C1F39917800D1191C /* UserPoolSignUp */ = {
			isa = PBXGroup;
			children = (
				D41A5D5A1F39916F00D1191C /* UserPoolEmailViewController.swift */,
				D41A5D5D1F39959D00D1191C /* UserPoolPasswordViewController.swift */,
				D41A5D5F1F3995D400D1191C /* UserPoolEmailConfirmationViewController.swift */,
			);
			name = UserPoolSignUp;
			sourceTree = "<group>";
		};
		D423ABA41F3B06D400A6FE2A /* Manager */ = {
			isa = PBXGroup;
			children = (
				D443C0F91EEC728100FD148F /* AddProductViewController.swift */,
				D4512B491F1930BE009B109C /* ManagerTableViewCell.swift */,
				D4512B471F18E448009B109C /* ManagerTableViewController.swift */,
				D423ABA71F3B079300A6FE2A /* ProductVariationCell.xib */,
				D423ABA91F3B111200A6FE2A /* ProductVariationCell.swift */,
				D4A69B9F1F3B13A900037002 /* ProductVariationRow.swift */,
			);
			name = Manager;
			path = Tinpons/App/Favourites;
			sourceTree = "<group>";
		};
		D4512B421F189D42009B109C /* Favourites */ = {
			isa = PBXGroup;
			children = (
				D4DAE9711F1C9B20000C447E /* FavouriteCollectionViewCell.swift */,
				D4DAE9731F1C9B4A000C447E /* FavouriteCollectionViewController.swift */,
			);
			name = Favourites;
			path = Tinpons/App/Favourites;
			sourceTree = "<group>";
		};
		D480D05A1EEBF0ED00B4193A /* Swiper */ = {
			isa = PBXGroup;
			children = (
				D4E2581F1EEC1A6400B2B986 /* CustomOverlayView.swift */,
				D4E258231EEC625400B2B986 /* CustomKolodaView.swift */,
				D4E258201EEC1A6400B2B986 /* CustomOverlayView.xib */,
				D443C0F51EEC699D00FD148F /* SwiperViewController.swift */,
				D443C0F71EEC6CA300FD148F /* BackgroundKolodaAnimator.swift */,
			);
			name = Swiper;
			path = Tinpons/App/Swiper;
			sourceTree = "<group>";
		};
		D4CA25BC1F279879007AF347 /* Assets */ = {
			isa = PBXGroup;
			children = (
				D4B7D1FD1F28C442008F3AE1 /* RemachineScript.ttf */,
				D40EA7131F2A40CA00A44735 /* proxima-nova-soft-bold.ttf */,
				D40EA7141F2A40CB00A44735 /* proxima-nova-soft-regular.ttf */,
			);
			name = Assets;
			sourceTree = "<group>";
		};
		D4FA2ECA1F0CE83A00B287FB /* Profile */ = {
			isa = PBXGroup;
			children = (
				D4FA2ECB1F0CE85B00B287FB /* ProfileViewController.swift */,
				D4DA424C1F0E2CFB00A1C69E /* CustomCells.swift */,
			);
			name = Profile;
			path = Tinpons/App/Profile;
			sourceTree = "<group>";
		};
/* End PBXGroup section */

/* Begin PBXNativeTarget section */
		E66DC04E0000000000000000 /* WeGoLoco */ = {
			isa = PBXNativeTarget;
			buildConfigurationList = 218C37090000000000000001 /* Build configuration list for PBXNativeTarget "WeGoLoco" */;
			buildPhases = (
				E1F174220000000000000001 /* ShellScript */,
				1870857F0000000000000000 /* Sources */,
				4F426D880000000000000000 /* Frameworks */,
				8A032D2C0000000000000000 /* Resources */,
				FAF5FAC90000000000000000 /* Embed Frameworks */,
				E1F174220000000000000000 /* ShellScript */,
			);
			buildRules = (
			);
			dependencies = (
			);
			name = WeGoLoco;
			productName = Tinpons;
			productReference = 1DD70E2969DD7ECE00000000 /* WeGoLoco.app */;
			productType = "com.apple.product-type.application";
		};
/* End PBXNativeTarget section */

/* Begin PBXProject section */
		96C847930000000000000000 /* Project object */ = {
			isa = PBXProject;
			attributes = {
				LastSwiftUpdateCheck = 0820;
				LastUpgradeCheck = 0830;
				TargetAttributes = {
					E66DC04E0000000000000000 = {
						DevelopmentTeam = 92GPW8PJ56;
						LastSwiftMigration = 0830;
						ProvisioningStyle = Automatic;
					};
				};
			};
			buildConfigurationList = 218C37090000000000000000 /* Build configuration list for PBXProject "WeGoLoco" */;
			compatibilityVersion = "Xcode 3.2";
			developmentRegion = English;
			hasScannedForEncodings = 0;
			knownRegions = (
				en,
				Base,
			);
			mainGroup = B401C9793DAC23B500000000 /* mainGroup */;
			productRefGroup = B401C9792EF2543B00000000 /* Products */;
			projectDirPath = "";
			projectRoot = "";
			targets = (
				E66DC04E0000000000000000 /* WeGoLoco */,
			);
		};
/* End PBXProject section */

/* Begin PBXResourcesBuildPhase section */
		8A032D2C0000000000000000 /* Resources */ = {
			isa = PBXResourcesBuildPhase;
			buildActionMask = 2147483647;
			files = (
				D4B7D1FE1F28C442008F3AE1 /* RemachineScript.ttf in Resources */,
				E7A30F0479F95AEB00000000 /* SignIn.storyboard in Resources */,
				D40EA7101F2A315700A44735 /* SignUp.storyboard in Resources */,
				E7A30F046FFFB5F100000000 /* Launch Screen.storyboard in Resources */,
				D40EA7151F2A40CB00A44735 /* proxima-nova-soft-bold.ttf in Resources */,
				D4E258221EEC1A6400B2B986 /* CustomOverlayView.xib in Resources */,
				D40EA7161F2A40CB00A44735 /* proxima-nova-soft-regular.ttf in Resources */,
				D423ABA81F3B079300A6FE2A /* ProductVariationCell.xib in Resources */,
				E7A30F04490C0AB000000000 /* Images.xcassets in Resources */,
				E7A30F0489AA356400000000 /* UserPools.storyboard in Resources */,
				E7A30F04274F6B6700000000 /* AWSFacebookSignInResources.bundle in Resources */,
				E7A30F04D987431800000000 /* Main.storyboard in Resources */,
			);
			runOnlyForDeploymentPostprocessing = 0;
		};
/* End PBXResourcesBuildPhase section */

/* Begin PBXShellScriptBuildPhase section */
		E1F174220000000000000000 /* ShellScript */ = {
			isa = PBXShellScriptBuildPhase;
			buildActionMask = 2147483647;
			files = (
			);
			inputPaths = (
			);
			outputPaths = (
			);
			runOnlyForDeploymentPostprocessing = 0;
			shellPath = /bin/sh;
			shellScript = "bash \"${BUILT_PRODUCTS_DIR}/${FRAMEWORKS_FOLDER_PATH}/AWSCore.framework/strip-frameworks.sh\"";
		};
		E1F174220000000000000001 /* ShellScript */ = {
			isa = PBXShellScriptBuildPhase;
			buildActionMask = 2147483647;
			files = (
			);
			inputPaths = (
			);
			outputPaths = (
			);
			runOnlyForDeploymentPostprocessing = 0;
			shellPath = /bin/sh;
			shellScript = "FILE=${SRCROOT}/Tinpons/Sdk/CheckXcodeVersion.sh\nif [ -e $FILE ]; then\n    $FILE\nfi";
		};
/* End PBXShellScriptBuildPhase section */

/* Begin PBXSourcesBuildPhase section */
		1870857F0000000000000000 /* Sources */ = {
			isa = PBXSourcesBuildPhase;
			buildActionMask = 2147483647;
			files = (
				D4E258211EEC1A6400B2B986 /* CustomOverlayView.swift in Sources */,
				D43777981F262CDB0023448F /* APIGatewayProtocol.swift in Sources */,
				E7A30F049A3B079A00000000 /* UserPoolNewPasswordViewController.swift in Sources */,
				D41EB26E1F338758003842E4 /* PasswordViewController.swift in Sources */,
				D4DA424D1F0E2CFB00A1C69E /* CustomCells.swift in Sources */,
				D430CC8B1F2B2AF200174E5C /* EmailViewController.swift in Sources */,
				D41A5D5B1F39916F00D1191C /* UserPoolEmailViewController.swift in Sources */,
				D40308461F0FCBDE00BF1BD5 /* TinponOld.swift in Sources */,
				D4AAB5A71F305A0900050E02 /* TinponsAPI.swift in Sources */,
				D41EB2691F333CF2003842E4 /* AWSAPI_9HLT8N48WD_RequestSchema.m in Sources */,
				D40D974F1F3C752D00B246D0 /* Color.swift in Sources */,
				D4DAE9721F1C9B20000C447E /* FavouriteCollectionViewCell.swift in Sources */,
				D4EEF65A1F2F9F8700297A5E /* Tinpon.swift in Sources */,
				E7A30F042B278B4700000000 /* UserPoolSignUpConfirmationViewController.swift in Sources */,
				E7A30F04C071CC9E00000000 /* UserPoolMFAViewController.swift in Sources */,
				D417F0911F1F81E700D803E0 /* LoadingAnimationProtocol.swift in Sources */,
				E7A30F040AAE5A4B00000000 /* AppDelegate.swift in Sources */,
				D4512B481F18E448009B109C /* ManagerTableViewController.swift in Sources */,
				D41A5D601F3995D400D1191C /* UserPoolEmailConfirmationViewController.swift in Sources */,
				D410C5E41F23A14D008D6C92 /* AWSConfiguration.swift in Sources */,
				D4B7D2001F28C71A008F3AE1 /* MainTabBarController.swift in Sources */,
				D4306C811F0E6BEC0073A11E /* Stores.swift in Sources */,
				D4DAE9741F1C9B4A000C447E /* FavouriteCollectionViewController.swift in Sources */,
				D41EB26A1F333CF2003842E4 /* AWSAPI_9HLT8N48WD_ResponseSchema.m in Sources */,
				E7A30F043DD4F57200000000 /* FormTableCell.swift in Sources */,
				D4FA2EC91F0CD0C100B287FB /* DynamoDBSwipedTinpon.swift in Sources */,
				E7A30F04FE04727700000000 /* TableInputCell.swift in Sources */,
				D47D70611F37045B003E0708 /* APIError.swift in Sources */,
				D41EB2681F333CF2003842E4 /* AWSAPI_9HLT8N48WD_Empty.m in Sources */,
				D4DC43501F1E448200BC1283 /* TinponWrapper.swift in Sources */,
				E7A30F04A0099EDA00000000 /* UserPoolForgotPasswordViewController.swift in Sources */,
				D443C0F61EEC699D00FD148F /* SwiperViewController.swift in Sources */,
				D41EB2701F3395A0003842E4 /* EmailConfirmationViewController.swift in Sources */,
				D443C0F81EEC6CA300FD148F /* BackgroundKolodaAnimator.swift in Sources */,
				E7A30F0493F7667400000000 /* UtilityFunctions.swift in Sources */,
				E7A30F04741B216700000000 /* AuthenticationProtocol.swift in Sources */,
				E7A30F04B8261BDC00000000 /* UserPoolsIdentityProfile.swift in Sources */,
				D4FC90E31F163328002A6F9E /* SwipedTinpon.swift in Sources */,
				D4FA2ED21F0D10FD00B287FB /* DynamoDBUser.swift in Sources */,
				E7A30F044B6ABE3800000000 /* UserPoolSignUpViewController.swift in Sources */,
				D4306C831F0E73780073A11E /* AWSHelper.swift in Sources */,
				E7A30F049A8F6DAE00000000 /* SignInViewController.swift in Sources */,
				E7A30F048DE0B1CD00000000 /* DynamoDBTinpon.swift in Sources */,
				D4B95B961F1E84180078289F /* Extensions.swift in Sources */,
				D4DC434E1F1E3A2000BC1283 /* UserWrapper.swift in Sources */,
				D443C0FA1EEC728100FD148F /* AddProductViewController.swift in Sources */,
				E7A30F04023CE26000000000 /* FacebookIdentityProfile.swift in Sources */,
				D41A5D5E1F39959D00D1191C /* UserPoolPasswordViewController.swift in Sources */,
				E7A30F04C2DDB4B200000000 /* SignInViewControllerExtensions.swift in Sources */,
				E7A30F0460A2A9A000000000 /* UserPoolsUIHelper.swift in Sources */,
				D4D2712A1F12ACD2003A7287 /* TinponsModel.xcdatamodeld in Sources */,
				D4E258241EEC625400B2B986 /* CustomKolodaView.swift in Sources */,
				D4FA2ECC1F0CE85B00B287FB /* ProfileViewController.swift in Sources */,
				D430CC8D1F2B2B1A00174E5C /* BirthdateViewController.swift in Sources */,
				D452206F1F2CC85A00D01C43 /* GenderViewController.swift in Sources */,
				D430CC911F2B2E0300174E5C /* SignUpViewController.swift in Sources */,
				D4FC90E51F1669F8002A6F9E /* SwipedTinponsCore.swift in Sources */,
				D45220731F2CD96200D01C43 /* CategoriesTableViewController.swift in Sources */,
				D4512B4A1F1930BE009B109C /* ManagerTableViewCell.swift in Sources */,
				D41EB26B1F333CF2003842E4 /* AWSAPI_9HLT8N48WD_WeGoLocoClient.m in Sources */,
				D410C5F21F24E443008D6C92 /* UsersAPI.swift in Sources */,
				D4A69BA01F3B13A900037002 /* ProductVariationRow.swift in Sources */,
				D423ABAA1F3B111200A6FE2A /* ProductVariationCell.swift in Sources */,
				D430CC931F2B2FA100174E5C /* SignInNavigationController.swift in Sources */,
				D410C5EF1F24D7E0008D6C92 /* User.swift in Sources */,
				E7A30F0400925D1700000000 /* AWSMobileClient.swift in Sources */,
				E7A30F0497C0BECE00000000 /* FormTableDelegate.swift in Sources */,
			);
			runOnlyForDeploymentPostprocessing = 0;
		};
/* End PBXSourcesBuildPhase section */

/* Begin XCBuildConfiguration section */
		49524373386D956C00000000 /* Release */ = {
			isa = XCBuildConfiguration;
			buildSettings = {
				ALWAYS_SEARCH_USER_PATHS = NO;
				CLANG_CXX_LANGUAGE_STANDARD = "gnu++0x";
				CLANG_CXX_LIBRARY = "libc++";
				CLANG_ENABLE_MODULES = YES;
				CLANG_ENABLE_OBJC_ARC = YES;
				CLANG_WARN_BOOL_CONVERSION = YES;
				CLANG_WARN_CONSTANT_CONVERSION = YES;
				CLANG_WARN_DIRECT_OBJC_ISA_USAGE = YES_ERROR;
				CLANG_WARN_EMPTY_BODY = YES;
				CLANG_WARN_ENUM_CONVERSION = YES;
				CLANG_WARN_INFINITE_RECURSION = YES;
				CLANG_WARN_INT_CONVERSION = YES;
				CLANG_WARN_OBJC_ROOT_CLASS = YES_ERROR;
				CLANG_WARN_SUSPICIOUS_MOVE = YES;
				CLANG_WARN_UNREACHABLE_CODE = YES;
				CLANG_WARN__DUPLICATE_METHOD_MATCH = YES;
				"CODE_SIGN_IDENTITY[sdk=iphoneos*]" = "iPhone Developer";
				COPY_PHASE_STRIP = NO;
				DEBUG_INFORMATION_FORMAT = "dwarf-with-dsym";
				ENABLE_NS_ASSERTIONS = NO;
				ENABLE_STRICT_OBJC_MSGSEND = YES;
				GCC_C_LANGUAGE_STANDARD = gnu99;
				GCC_NO_COMMON_BLOCKS = YES;
				GCC_WARN_64_TO_32_BIT_CONVERSION = YES;
				GCC_WARN_ABOUT_RETURN_TYPE = YES_ERROR;
				GCC_WARN_UNDECLARED_SELECTOR = YES;
				GCC_WARN_UNINITIALIZED_AUTOS = YES_AGGRESSIVE;
				GCC_WARN_UNUSED_FUNCTION = YES;
				GCC_WARN_UNUSED_VARIABLE = YES;
				IPHONEOS_DEPLOYMENT_TARGET = 10.0;
				MTL_ENABLE_DEBUG_INFO = NO;
				ONLY_ACTIVE_ARCH = NO;
				OTHER_LDFLAGS = "$(OTHER_LDFLAGS)";
				SDKROOT = iphoneos;
				SWIFT_OPTIMIZATION_LEVEL = "-Owholemodule";
				TARGETED_DEVICE_FAMILY = "1,2";
				VALIDATE_PRODUCT = YES;
			};
			name = Release;
		};
		49524373386D956C00000001 /* Release */ = {
			isa = XCBuildConfiguration;
			buildSettings = {
				ASSETCATALOG_COMPILER_APPICON_NAME = AppIcon;
				CLANG_ENABLE_MODULES = YES;
				CODE_SIGN_ENTITLEMENTS = Tinpons/Tinpons.entitlements;
				CODE_SIGN_IDENTITY = "iphone Developer";
				"CODE_SIGN_IDENTITY[sdk=iphoneos*]" = "iPhone Developer";
				DEVELOPMENT_TEAM = 92GPW8PJ56;
				ENABLE_BITCODE = NO;
				FRAMEWORK_SEARCH_PATHS = (
					"$(inherited)",
					"$(PROJECT_DIR)",
					"$(PROJECT_DIR)/Tinpons/Sdk/**",
					"$(PROJECT_DIR)/Tinpons/Sdk/Aws",
					"$(PROJECT_DIR)/Tinpons/AmazonAws",
					"$(PROJECT_DIR)/Carthage/Build/iOS",
				);
				INFOPLIST_FILE = "$(SRCROOT)/Tinpons/App/SupportingFiles/Info.plist";
				IPHONEOS_DEPLOYMENT_TARGET = 10.0;
				LD_RUNPATH_SEARCH_PATHS = "$(inherited) @executable_path/Frameworks";
				PRODUCT_BUNDLE_IDENTIFIER = com.WeGoLoco.WeGoLoco;
				PRODUCT_NAME = "$(TARGET_NAME)";
				PROVISIONING_PROFILE_SPECIFIER = "";
				SWIFT_OBJC_BRIDGING_HEADER = Tinpons/AmazonAWS/Bridging_Header.h;
				SWIFT_VERSION = 3.0;
				TARGETED_DEVICE_FAMILY = 1;
			};
			name = Release;
		};
		4952437346F3E10800000000 /* Debug */ = {
			isa = XCBuildConfiguration;
			buildSettings = {
				ALWAYS_SEARCH_USER_PATHS = NO;
				CLANG_CXX_LANGUAGE_STANDARD = "gnu++0x";
				CLANG_CXX_LIBRARY = "libc++";
				CLANG_ENABLE_MODULES = YES;
				CLANG_ENABLE_OBJC_ARC = YES;
				CLANG_WARN_BOOL_CONVERSION = YES;
				CLANG_WARN_CONSTANT_CONVERSION = YES;
				CLANG_WARN_DIRECT_OBJC_ISA_USAGE = YES_ERROR;
				CLANG_WARN_EMPTY_BODY = YES;
				CLANG_WARN_ENUM_CONVERSION = YES;
				CLANG_WARN_INFINITE_RECURSION = YES;
				CLANG_WARN_INT_CONVERSION = YES;
				CLANG_WARN_OBJC_ROOT_CLASS = YES_ERROR;
				CLANG_WARN_SUSPICIOUS_MOVE = YES;
				CLANG_WARN_UNREACHABLE_CODE = YES;
				CLANG_WARN__DUPLICATE_METHOD_MATCH = YES;
				"CODE_SIGN_IDENTITY[sdk=iphoneos*]" = "iPhone Developer";
				COPY_PHASE_STRIP = NO;
				DEBUG_INFORMATION_FORMAT = "dwarf-with-dsym";
				ENABLE_STRICT_OBJC_MSGSEND = YES;
				ENABLE_TESTABILITY = YES;
				GCC_C_LANGUAGE_STANDARD = gnu99;
				GCC_DYNAMIC_NO_PIC = NO;
				GCC_NO_COMMON_BLOCKS = YES;
				GCC_OPTIMIZATION_LEVEL = 0;
				GCC_PREPROCESSOR_DEFINITIONS = (
					"DEBUG=1",
					"$(inherited)",
				);
				GCC_SYMBOLS_PRIVATE_EXTERN = NO;
				GCC_WARN_64_TO_32_BIT_CONVERSION = YES;
				GCC_WARN_ABOUT_RETURN_TYPE = YES_ERROR;
				GCC_WARN_UNDECLARED_SELECTOR = YES;
				GCC_WARN_UNINITIALIZED_AUTOS = YES_AGGRESSIVE;
				GCC_WARN_UNUSED_FUNCTION = YES;
				GCC_WARN_UNUSED_VARIABLE = YES;
				IPHONEOS_DEPLOYMENT_TARGET = 10.0;
				MTL_ENABLE_DEBUG_INFO = YES;
				ONLY_ACTIVE_ARCH = YES;
				OTHER_LDFLAGS = "$(OTHER_LDFLAGS)";
				SDKROOT = iphoneos;
				SWIFT_OPTIMIZATION_LEVEL = "-Onone";
				TARGETED_DEVICE_FAMILY = "1,2";
			};
			name = Debug;
		};
		4952437346F3E10800000001 /* Debug */ = {
			isa = XCBuildConfiguration;
			buildSettings = {
				ASSETCATALOG_COMPILER_APPICON_NAME = AppIcon;
				CLANG_ENABLE_MODULES = YES;
				CODE_SIGN_ENTITLEMENTS = Tinpons/Tinpons.entitlements;
				CODE_SIGN_IDENTITY = "iphone Developer";
				"CODE_SIGN_IDENTITY[sdk=iphoneos*]" = "iPhone Developer";
				DEVELOPMENT_TEAM = 92GPW8PJ56;
				ENABLE_BITCODE = NO;
				FRAMEWORK_SEARCH_PATHS = (
					"$(inherited)",
					"$(PROJECT_DIR)",
					"$(PROJECT_DIR)/Tinpons/Sdk/**",
					"$(PROJECT_DIR)/Tinpons/Sdk/Aws",
					"$(PROJECT_DIR)/Tinpons/AmazonAws",
					"$(PROJECT_DIR)/Carthage/Build/iOS",
				);
				INFOPLIST_FILE = "$(SRCROOT)/Tinpons/App/SupportingFiles/Info.plist";
				IPHONEOS_DEPLOYMENT_TARGET = 10.0;
				LD_RUNPATH_SEARCH_PATHS = "$(inherited) @executable_path/Frameworks";
				PRODUCT_BUNDLE_IDENTIFIER = com.WeGoLoco.WeGoLoco;
				PRODUCT_NAME = "$(TARGET_NAME)";
				PROVISIONING_PROFILE_SPECIFIER = "";
				SWIFT_OBJC_BRIDGING_HEADER = Tinpons/AmazonAWS/Bridging_Header.h;
				SWIFT_OPTIMIZATION_LEVEL = "-Onone";
				SWIFT_VERSION = 3.0;
				TARGETED_DEVICE_FAMILY = 1;
			};
			name = Debug;
		};
/* End XCBuildConfiguration section */

/* Begin XCConfigurationList section */
		218C37090000000000000000 /* Build configuration list for PBXProject "WeGoLoco" */ = {
			isa = XCConfigurationList;
			buildConfigurations = (
				4952437346F3E10800000000 /* Debug */,
				49524373386D956C00000000 /* Release */,
			);
			defaultConfigurationIsVisible = 0;
			defaultConfigurationName = Release;
		};
		218C37090000000000000001 /* Build configuration list for PBXNativeTarget "WeGoLoco" */ = {
			isa = XCConfigurationList;
			buildConfigurations = (
				4952437346F3E10800000001 /* Debug */,
				49524373386D956C00000001 /* Release */,
			);
			defaultConfigurationIsVisible = 0;
			defaultConfigurationName = Release;
		};
/* End XCConfigurationList section */

/* Begin XCVersionGroup section */
		D4D271281F12ACD2003A7287 /* TinponsModel.xcdatamodeld */ = {
			isa = XCVersionGroup;
			children = (
				D4D271291F12ACD2003A7287 /* TinponsModel.xcdatamodel */,
			);
			currentVersion = D4D271291F12ACD2003A7287 /* TinponsModel.xcdatamodel */;
			path = TinponsModel.xcdatamodeld;
			sourceTree = "<group>";
			versionGroupType = wrapper.xcdatamodel;
		};
/* End XCVersionGroup section */
	};
	rootObject = 96C847930000000000000000 /* Project object */;
}
